// !$*UTF8*$!
{
	archiveVersion = 1;
	classes = {
	};
	objectVersion = 48;
	objects = {

/* Begin PBXBuildFile section */
		46B2B313546974DF591017F0 /* Pods_WXGZDemo.framework in Frameworks */ = {isa = PBXBuildFile; fileRef = 3A57B9379870DDAB0B25B7C8 /* Pods_WXGZDemo.framework */; };
		CC843C3A1FF4855C0088C0B6 /* AppDelegate.m in Sources */ = {isa = PBXBuildFile; fileRef = CC843C391FF4855C0088C0B6 /* AppDelegate.m */; };
		CC843C401FF4855C0088C0B6 /* Main.storyboard in Resources */ = {isa = PBXBuildFile; fileRef = CC843C3E1FF4855C0088C0B6 /* Main.storyboard */; };
		CC843C421FF4855C0088C0B6 /* Assets.xcassets in Resources */ = {isa = PBXBuildFile; fileRef = CC843C411FF4855C0088C0B6 /* Assets.xcassets */; };
		CC843C481FF4855C0088C0B6 /* main.m in Sources */ = {isa = PBXBuildFile; fileRef = CC843C471FF4855C0088C0B6 /* main.m */; };
		DE33A52623AB72B9002942BD /* WXTFTableViewController.m in Sources */ = {isa = PBXBuildFile; fileRef = DE33A45623AB72B8002942BD /* WXTFTableViewController.m */; };
		DE33A52723AB72B9002942BD /* WXCustomTextField.m in Sources */ = {isa = PBXBuildFile; fileRef = DE33A45723AB72B8002942BD /* WXCustomTextField.m */; };
		DE33A52823AB72B9002942BD /* WXAttackTableViewController.m in Sources */ = {isa = PBXBuildFile; fileRef = DE33A45A23AB72B8002942BD /* WXAttackTableViewController.m */; };
		DE33A52923AB72B9002942BD /* WXFirstViewController.m in Sources */ = {isa = PBXBuildFile; fileRef = DE33A45B23AB72B8002942BD /* WXFirstViewController.m */; };
		DE33A52A23AB72B9002942BD /* WXTestViewController.m in Sources */ = {isa = PBXBuildFile; fileRef = DE33A45D23AB72B8002942BD /* WXTestViewController.m */; };
		DE33A52B23AB72B9002942BD /* WXLinkViewController.m in Sources */ = {isa = PBXBuildFile; fileRef = DE33A45E23AB72B8002942BD /* WXLinkViewController.m */; };
		DE33A52C23AB72B9002942BD /* WXSlideVC.m in Sources */ = {isa = PBXBuildFile; fileRef = DE33A46223AB72B8002942BD /* WXSlideVC.m */; };
		DE33A52D23AB72B9002942BD /* WXSlideVC.xib in Resources */ = {isa = PBXBuildFile; fileRef = DE33A46423AB72B8002942BD /* WXSlideVC.xib */; };
		DE33A52E23AB72B9002942BD /* WXTableViewCell.m in Sources */ = {isa = PBXBuildFile; fileRef = DE33A46623AB72B8002942BD /* WXTableViewCell.m */; };
		DE33A52F23AB72B9002942BD /* WXTableViewCell.xib in Resources */ = {isa = PBXBuildFile; fileRef = DE33A46723AB72B8002942BD /* WXTableViewCell.xib */; };
		DE33A53023AB72B9002942BD /* WXUseInfoView1.xib in Resources */ = {isa = PBXBuildFile; fileRef = DE33A46A23AB72B9002942BD /* WXUseInfoView1.xib */; };
		DE33A53123AB72B9002942BD /* WXUseInfoViewController.m in Sources */ = {isa = PBXBuildFile; fileRef = DE33A46B23AB72B9002942BD /* WXUseInfoViewController.m */; };
		DE33A53223AB72B9002942BD /* WXUseInfoView.m in Sources */ = {isa = PBXBuildFile; fileRef = DE33A46C23AB72B9002942BD /* WXUseInfoView.m */; };
		DE33A53323AB72B9002942BD /* WXSwitchTableViewController.m in Sources */ = {isa = PBXBuildFile; fileRef = DE33A47123AB72B9002942BD /* WXSwitchTableViewController.m */; };
		DE33A53423AB72B9002942BD /* WXBtnViewController.m in Sources */ = {isa = PBXBuildFile; fileRef = DE33A47423AB72B9002942BD /* WXBtnViewController.m */; };
		DE33A53523AB72B9002942BD /* WXEnvConfigView.m in Sources */ = {isa = PBXBuildFile; fileRef = DE33A47623AB72B9002942BD /* WXEnvConfigView.m */; };
		DE33A53623AB72B9002942BD /* WXEnvConfigView.xib in Resources */ = {isa = PBXBuildFile; fileRef = DE33A47823AB72B9002942BD /* WXEnvConfigView.xib */; };
		DE33A53723AB72B9002942BD /* WXEnvConfigTools.m in Sources */ = {isa = PBXBuildFile; fileRef = DE33A47923AB72B9002942BD /* WXEnvConfigTools.m */; };
		DE33A53823AB72B9002942BD /* WXBannerColCell.xib in Resources */ = {isa = PBXBuildFile; fileRef = DE33A47D23AB72B9002942BD /* WXBannerColCell.xib */; };
		DE33A53923AB72B9002942BD /* WXMBBannerVC.m in Sources */ = {isa = PBXBuildFile; fileRef = DE33A47F23AB72B9002942BD /* WXMBBannerVC.m */; };
		DE33A53A23AB72B9002942BD /* WXBannerColCell.m in Sources */ = {isa = PBXBuildFile; fileRef = DE33A48023AB72B9002942BD /* WXBannerColCell.m */; };
		DE33A53B23AB72B9002942BD /* WXImageTableViewController.m in Sources */ = {isa = PBXBuildFile; fileRef = DE33A48323AB72B9002942BD /* WXImageTableViewController.m */; };
		DE33A53C23AB72B9002942BD /* WXItem.m in Sources */ = {isa = PBXBuildFile; fileRef = DE33A48623AB72B9002942BD /* WXItem.m */; };
		DE33A53D23AB72B9002942BD /* WXItemBtn.m in Sources */ = {isa = PBXBuildFile; fileRef = DE33A48823AB72B9002942BD /* WXItemBtn.m */; };
		DE33A53E23AB72B9002942BD /* WXHomeCellContentViewCell.m in Sources */ = {isa = PBXBuildFile; fileRef = DE33A48923AB72B9002942BD /* WXHomeCellContentViewCell.m */; };
		DE33A53F23AB72B9002942BD /* WXSegmentTableViewController.m in Sources */ = {isa = PBXBuildFile; fileRef = DE33A48F23AB72B9002942BD /* WXSegmentTableViewController.m */; };
		DE33A54023AB72B9002942BD /* WXTextTableViewCell.xib in Resources */ = {isa = PBXBuildFile; fileRef = DE33A49123AB72B9002942BD /* WXTextTableViewCell.xib */; };
		DE33A54123AB72B9002942BD /* WXTextTableViewController.m in Sources */ = {isa = PBXBuildFile; fileRef = DE33A49223AB72B9002942BD /* WXTextTableViewController.m */; };
		DE33A54223AB72B9002942BD /* WXTextTableViewCell.m in Sources */ = {isa = PBXBuildFile; fileRef = DE33A49323AB72B9002942BD /* WXTextTableViewCell.m */; };
		DE33A54323AB72B9002942BD /* NSData+SGImageExtension.m in Sources */ = {isa = PBXBuildFile; fileRef = DE33A49D23AB72B9002942BD /* NSData+SGImageExtension.m */; };
		DE33A54423AB72B9002942BD /* NSString+SGSize.m in Sources */ = {isa = PBXBuildFile; fileRef = DE33A49E23AB72B9002942BD /* NSString+SGSize.m */; };
		DE33A54523AB72B9002942BD /* UIColor+SGHexColor.m in Sources */ = {isa = PBXBuildFile; fileRef = DE33A4A223AB72B9002942BD /* UIColor+SGHexColor.m */; };
		DE33A54623AB72B9002942BD /* UIImage+SGColorImage.m in Sources */ = {isa = PBXBuildFile; fileRef = DE33A4AA23AB72B9002942BD /* UIImage+SGColorImage.m */; };
		DE33A54723AB72B9002942BD /* UIImage+SGQRCode.m in Sources */ = {isa = PBXBuildFile; fileRef = DE33A4AC23AB72B9002942BD /* UIImage+SGQRCode.m */; };
		DE33A54823AB72B9002942BD /* UIImage+SGCompress.m in Sources */ = {isa = PBXBuildFile; fileRef = DE33A4AD23AB72B9002942BD /* UIImage+SGCompress.m */; };
		DE33A54923AB72B9002942BD /* UIImage+SGFix.m in Sources */ = {isa = PBXBuildFile; fileRef = DE33A4AE23AB72B9002942BD /* UIImage+SGFix.m */; };
		DE33A54A23AB72B9002942BD /* UIImage+SGCompose.m in Sources */ = {isa = PBXBuildFile; fileRef = DE33A4AF23AB72B9002942BD /* UIImage+SGCompose.m */; };
		DE33A54B23AB72B9002942BD /* UIImage+SGClip.m in Sources */ = {isa = PBXBuildFile; fileRef = DE33A4B023AB72B9002942BD /* UIImage+SGClip.m */; };
		DE33A54C23AB72B9002942BD /* UIImage+SGCreate.m in Sources */ = {isa = PBXBuildFile; fileRef = DE33A4B223AB72B9002942BD /* UIImage+SGCreate.m */; };
		DE33A54D23AB72B9002942BD /* UIViewController+SGKeyboardChangeNoti.m in Sources */ = {isa = PBXBuildFile; fileRef = DE33A4B423AB72B9002942BD /* UIViewController+SGKeyboardChangeNoti.m */; };
		DE33A54E23AB72B9002942BD /* UIViewController+SGLoadFromStoryBoard.m in Sources */ = {isa = PBXBuildFile; fileRef = DE33A4B523AB72B9002942BD /* UIViewController+SGLoadFromStoryBoard.m */; };
		DE33A54F23AB72B9002942BD /* UIViewController+SGVisible.m in Sources */ = {isa = PBXBuildFile; fileRef = DE33A4BA23AB72B9002942BD /* UIViewController+SGVisible.m */; };
		DE33A55023AB72B9002942BD /* UIViewController+SGNavigationItem.m in Sources */ = {isa = PBXBuildFile; fileRef = DE33A4BB23AB72B9002942BD /* UIViewController+SGNavigationItem.m */; };
		DE33A55123AB72B9002942BD /* CALayer+SGPauseAimate.m in Sources */ = {isa = PBXBuildFile; fileRef = DE33A4BF23AB72B9002942BD /* CALayer+SGPauseAimate.m */; };
		DE33A55223AB72B9002942BD /* CATextLayer+SGUIKitProperty.m in Sources */ = {isa = PBXBuildFile; fileRef = DE33A4C023AB72B9002942BD /* CATextLayer+SGUIKitProperty.m */; };
		DE33A55323AB72B9002942BD /* UIView+SGXib.m in Sources */ = {isa = PBXBuildFile; fileRef = DE33A4C323AB72B9002942BD /* UIView+SGXib.m */; };
		DE33A55423AB72B9002942BD /* UIView+SGSnipImageView.m in Sources */ = {isa = PBXBuildFile; fileRef = DE33A4C523AB72B9002942BD /* UIView+SGSnipImageView.m */; };
		DE33A55523AB72B9002942BD /* UIView+SGFrame.m in Sources */ = {isa = PBXBuildFile; fileRef = DE33A4C823AB72B9002942BD /* UIView+SGFrame.m */; };
		DE33A55623AB72B9002942BD /* UIView+SGCorners.m in Sources */ = {isa = PBXBuildFile; fileRef = DE33A4CB23AB72B9002942BD /* UIView+SGCorners.m */; };
		DE33A55723AB72B9002942BD /* UITableView+SGRegister.m in Sources */ = {isa = PBXBuildFile; fileRef = DE33A4CC23AB72B9002942BD /* UITableView+SGRegister.m */; };
		DE33A55823AB72B9002942BD /* NSString+Hash.m in Sources */ = {isa = PBXBuildFile; fileRef = DE33A4CF23AB72B9002942BD /* NSString+Hash.m */; };
		DE33A55923AB72B9002942BD /* NSArray+SGArrayFormSet.m in Sources */ = {isa = PBXBuildFile; fileRef = DE33A4D023AB72B9002942BD /* NSArray+SGArrayFormSet.m */; };
		DE33A55A23AB72B9002942BD /* NSString+SGMoney.m in Sources */ = {isa = PBXBuildFile; fileRef = DE33A4D223AB72B9002942BD /* NSString+SGMoney.m */; };
		DE33A55B23AB72B9002942BD /* FoundationLog.m in Sources */ = {isa = PBXBuildFile; fileRef = DE33A4D323AB72B9002942BD /* FoundationLog.m */; };
		DE33A55C23AB72B9002942BD /* NSMutableDictionary+SGSetObjc.m in Sources */ = {isa = PBXBuildFile; fileRef = DE33A4D823AB72B9002942BD /* NSMutableDictionary+SGSetObjc.m */; };
		DE33A55D23AB72B9002942BD /* NSObject+SGSelector.m in Sources */ = {isa = PBXBuildFile; fileRef = DE33A4D923AB72B9002942BD /* NSObject+SGSelector.m */; };
		DE33A55E23AB72B9002942BD /* NSObject+SGSwizzlingMethod.m in Sources */ = {isa = PBXBuildFile; fileRef = DE33A4DA23AB72B9002942BD /* NSObject+SGSwizzlingMethod.m */; };
		DE33A55F23AB72B9002942BD /* NSString+SGRegex.m in Sources */ = {isa = PBXBuildFile; fileRef = DE33A4DC23AB72B9002942BD /* NSString+SGRegex.m */; };
		DE33A56023AB72B9002942BD /* NSTimer+SGBlock.m in Sources */ = {isa = PBXBuildFile; fileRef = DE33A4DF23AB72B9002942BD /* NSTimer+SGBlock.m */; };
		DE33A56123AB72B9002942BD /* NSDate+SGExtension.m in Sources */ = {isa = PBXBuildFile; fileRef = DE33A4E223AB72B9002942BD /* NSDate+SGExtension.m */; };
		DE33A56223AB72B9002942BD /* NSString+SGRemoveSprit.m in Sources */ = {isa = PBXBuildFile; fileRef = DE33A4E323AB72B9002942BD /* NSString+SGRemoveSprit.m */; };
		DE33A56323AB72B9002942BD /* NSMutableArray+SGAddObject.m in Sources */ = {isa = PBXBuildFile; fileRef = DE33A4E723AB72B9002942BD /* NSMutableArray+SGAddObject.m */; };
		DE33A56423AB72B9002942BD /* NSString+SGRegexValid.m in Sources */ = {isa = PBXBuildFile; fileRef = DE33A4E823AB72B9002942BD /* NSString+SGRegexValid.m */; };
		DE33A56523AB72B9002942BD /* NSArray+SGInvertedOrder.m in Sources */ = {isa = PBXBuildFile; fileRef = DE33A4E923AB72B9002942BD /* NSArray+SGInvertedOrder.m */; };
		DE33A56623AB72B9002942BD /* NSString+SGHash.m in Sources */ = {isa = PBXBuildFile; fileRef = DE33A4EB23AB72B9002942BD /* NSString+SGHash.m */; };
		DE33A56723AB72B9002942BD /* UIColor+DCColorChange.m in Sources */ = {isa = PBXBuildFile; fileRef = DE33A4ED23AB72B9002942BD /* UIColor+DCColorChange.m */; };
		DE33A56823AB72B9002942BD /* UIImage+WXimage.m in Sources */ = {isa = PBXBuildFile; fileRef = DE33A4EE23AB72B9002942BD /* UIImage+WXimage.m */; };
		DE33A56923AB72B9002942BD /* WXScreenSizeManager.m in Sources */ = {isa = PBXBuildFile; fileRef = DE33A4EF23AB72B9002942BD /* WXScreenSizeManager.m */; };
		DE33A56A23AB72B9002942BD /* WXBaseViewController.m in Sources */ = {isa = PBXBuildFile; fileRef = DE33A4F323AB72B9002942BD /* WXBaseViewController.m */; };
		DE33A56B23AB72B9002942BD /* WXUINavigationController.m in Sources */ = {isa = PBXBuildFile; fileRef = DE33A4F523AB72B9002942BD /* WXUINavigationController.m */; };
		DE33A56C23AB72B9002942BD /* WXBaseTableViewController.m in Sources */ = {isa = PBXBuildFile; fileRef = DE33A4F723AB72B9002942BD /* WXBaseTableViewController.m */; };
		DE33A56D23AB72B9002942BD /* WXUITabbarVC.m in Sources */ = {isa = PBXBuildFile; fileRef = DE33A4FA23AB72B9002942BD /* WXUITabbarVC.m */; };
		DE33A56E23AB72B9002942BD /* NSLayoutConstraint+MASDebugAdditions.m in Sources */ = {isa = PBXBuildFile; fileRef = DE33A4FE23AB72B9002942BD /* NSLayoutConstraint+MASDebugAdditions.m */; };
		DE33A56F23AB72B9002942BD /* ViewController+MASAdditions.m in Sources */ = {isa = PBXBuildFile; fileRef = DE33A50723AB72B9002942BD /* ViewController+MASAdditions.m */; };
		DE33A57023AB72B9002942BD /* MASCompositeConstraint.m in Sources */ = {isa = PBXBuildFile; fileRef = DE33A50B23AB72B9002942BD /* MASCompositeConstraint.m */; };
		DE33A57123AB72B9002942BD /* MASConstraintMaker.m in Sources */ = {isa = PBXBuildFile; fileRef = DE33A50C23AB72B9002942BD /* MASConstraintMaker.m */; };
		DE33A57223AB72B9002942BD /* MASLayoutConstraint.m in Sources */ = {isa = PBXBuildFile; fileRef = DE33A50D23AB72B9002942BD /* MASLayoutConstraint.m */; };
		DE33A57323AB72B9002942BD /* NSArray+MASAdditions.m in Sources */ = {isa = PBXBuildFile; fileRef = DE33A50E23AB72B9002942BD /* NSArray+MASAdditions.m */; };
		DE33A57423AB72B9002942BD /* View+MASAdditions.m in Sources */ = {isa = PBXBuildFile; fileRef = DE33A50F23AB72B9002942BD /* View+MASAdditions.m */; };
		DE33A57523AB72B9002942BD /* MASConstraint.m in Sources */ = {isa = PBXBuildFile; fileRef = DE33A51223AB72B9002942BD /* MASConstraint.m */; };
		DE33A57623AB72B9002942BD /* MASViewConstraint.m in Sources */ = {isa = PBXBuildFile; fileRef = DE33A51423AB72B9002942BD /* MASViewConstraint.m */; };
		DE33A57723AB72B9002942BD /* MASViewAttribute.m in Sources */ = {isa = PBXBuildFile; fileRef = DE33A51523AB72B9002942BD /* MASViewAttribute.m */; };
		DE33A57823AB72B9002942BD /* WXSecondViewController.m in Sources */ = {isa = PBXBuildFile; fileRef = DE33A51723AB72B9002942BD /* WXSecondViewController.m */; };
		DE33A57923AB72B9002942BD /* MBProgressHUD.m in Sources */ = {isa = PBXBuildFile; fileRef = DE33A51D23AB72B9002942BD /* MBProgressHUD.m */; };
		DE33A57A23AB72B9002942BD /* LICENSE in Resources */ = {isa = PBXBuildFile; fileRef = DE33A51E23AB72B9002942BD /* LICENSE */; };
		DE33A57B23AB72B9002942BD /* README.mdown in Resources */ = {isa = PBXBuildFile; fileRef = DE33A52023AB72B9002942BD /* README.mdown */; };
		DE33A57C23AB72B9002942BD /* HUDManager.m in Sources */ = {isa = PBXBuildFile; fileRef = DE33A52123AB72B9002942BD /* HUDManager.m */; };
		DE33A57D23AB72B9002942BD /* MBProgressHUD.bundle in Resources */ = {isa = PBXBuildFile; fileRef = DE33A52223AB72B9002942BD /* MBProgressHUD.bundle */; };
		DE33A57E23AB72B9002942BD /* WXConfigTools.m in Sources */ = {isa = PBXBuildFile; fileRef = DE33A52423AB72B9002942BD /* WXConfigTools.m */; };
		DEBA53F82297AED500165A20 /* AppDelegate+push.m in Sources */ = {isa = PBXBuildFile; fileRef = DEBA53F72297AED400165A20 /* AppDelegate+push.m */; };
/* End PBXBuildFile section */

/* Begin PBXCopyFilesBuildPhase section */
		DE24D42F230E46D900F3543A /* Embed Frameworks */ = {
			isa = PBXCopyFilesBuildPhase;
			buildActionMask = 2147483647;
			dstPath = "";
			dstSubfolderSpec = 10;
			files = (
			);
			name = "Embed Frameworks";
			runOnlyForDeploymentPostprocessing = 0;
		};
/* End PBXCopyFilesBuildPhase section */

/* Begin PBXFileReference section */
		0F2D0224A4CC3C4672574BED /* Pods-WXGZDemo.release.xcconfig */ = {isa = PBXFileReference; includeInIndex = 1; lastKnownFileType = text.xcconfig; name = "Pods-WXGZDemo.release.xcconfig"; path = "Target Support Files/Pods-WXGZDemo/Pods-WXGZDemo.release.xcconfig"; sourceTree = "<group>"; };
		3A57B9379870DDAB0B25B7C8 /* Pods_WXGZDemo.framework */ = {isa = PBXFileReference; explicitFileType = wrapper.framework; includeInIndex = 0; path = Pods_WXGZDemo.framework; sourceTree = BUILT_PRODUCTS_DIR; };
		A83FFAB5201034740052CC99 /* WXGZ_SDK.framework */ = {isa = PBXFileReference; explicitFileType = wrapper.framework; path = WXGZ_SDK.framework; sourceTree = BUILT_PRODUCTS_DIR; };
		A8CAA71D1FFCD1BB00C6C2A8 /* OperationToolSDK.framework */ = {isa = PBXFileReference; explicitFileType = wrapper.framework; path = OperationToolSDK.framework; sourceTree = BUILT_PRODUCTS_DIR; };
		A8CAA71E1FFCD1BB00C6C2A8 /* WXGZ_SDK.framework */ = {isa = PBXFileReference; explicitFileType = wrapper.framework; path = WXGZ_SDK.framework; sourceTree = BUILT_PRODUCTS_DIR; };
		C25003CB6165AB86BB4EF6B4 /* Pods-WXGZDemo.debug.xcconfig */ = {isa = PBXFileReference; includeInIndex = 1; lastKnownFileType = text.xcconfig; name = "Pods-WXGZDemo.debug.xcconfig"; path = "Target Support Files/Pods-WXGZDemo/Pods-WXGZDemo.debug.xcconfig"; sourceTree = "<group>"; };
		CC843C351FF4855C0088C0B6 /* WXGZDemo.app */ = {isa = PBXFileReference; explicitFileType = wrapper.application; includeInIndex = 0; path = WXGZDemo.app; sourceTree = BUILT_PRODUCTS_DIR; };
		CC843C381FF4855C0088C0B6 /* AppDelegate.h */ = {isa = PBXFileReference; lastKnownFileType = sourcecode.c.h; path = AppDelegate.h; sourceTree = "<group>"; };
		CC843C391FF4855C0088C0B6 /* AppDelegate.m */ = {isa = PBXFileReference; lastKnownFileType = sourcecode.c.objc; path = AppDelegate.m; sourceTree = "<group>"; };
		CC843C3F1FF4855C0088C0B6 /* Base */ = {isa = PBXFileReference; lastKnownFileType = file.storyboard; name = Base; path = Base.lproj/Main.storyboard; sourceTree = "<group>"; };
		CC843C411FF4855C0088C0B6 /* Assets.xcassets */ = {isa = PBXFileReference; lastKnownFileType = folder.assetcatalog; path = Assets.xcassets; sourceTree = "<group>"; };
		CC843C461FF4855C0088C0B6 /* Info.plist */ = {isa = PBXFileReference; lastKnownFileType = text.plist.xml; path = Info.plist; sourceTree = "<group>"; };
		CC843C471FF4855C0088C0B6 /* main.m */ = {isa = PBXFileReference; lastKnownFileType = sourcecode.c.objc; path = main.m; sourceTree = "<group>"; };
		CC843C761FF48FC50088C0B6 /* libz.tbd */ = {isa = PBXFileReference; lastKnownFileType = "sourcecode.text-based-dylib-definition"; name = libz.tbd; path = usr/lib/libz.tbd; sourceTree = SDKROOT; };
		CC843C781FF48FD10088C0B6 /* libsqlite3.tbd */ = {isa = PBXFileReference; lastKnownFileType = "sourcecode.text-based-dylib-definition"; name = libsqlite3.tbd; path = usr/lib/libsqlite3.tbd; sourceTree = SDKROOT; };
		CCA7973F200CD27900BCBFFB /* WXGZDemo.entitlements */ = {isa = PBXFileReference; lastKnownFileType = text.plist.entitlements; path = WXGZDemo.entitlements; sourceTree = "<group>"; };
		DE33A45423AB72B8002942BD /* WXTFTableViewController.h */ = {isa = PBXFileReference; fileEncoding = 4; lastKnownFileType = sourcecode.c.h; path = WXTFTableViewController.h; sourceTree = "<group>"; };
		DE33A45523AB72B8002942BD /* WXCustomTextField.h */ = {isa = PBXFileReference; fileEncoding = 4; lastKnownFileType = sourcecode.c.h; path = WXCustomTextField.h; sourceTree = "<group>"; };
		DE33A45623AB72B8002942BD /* WXTFTableViewController.m */ = {isa = PBXFileReference; fileEncoding = 4; lastKnownFileType = sourcecode.c.objc; path = WXTFTableViewController.m; sourceTree = "<group>"; };
		DE33A45723AB72B8002942BD /* WXCustomTextField.m */ = {isa = PBXFileReference; fileEncoding = 4; lastKnownFileType = sourcecode.c.objc; path = WXCustomTextField.m; sourceTree = "<group>"; };
		DE33A45923AB72B8002942BD /* WXAttackTableViewController.h */ = {isa = PBXFileReference; fileEncoding = 4; lastKnownFileType = sourcecode.c.h; path = WXAttackTableViewController.h; sourceTree = "<group>"; };
		DE33A45A23AB72B8002942BD /* WXAttackTableViewController.m */ = {isa = PBXFileReference; fileEncoding = 4; lastKnownFileType = sourcecode.c.objc; path = WXAttackTableViewController.m; sourceTree = "<group>"; };
		DE33A45B23AB72B8002942BD /* WXFirstViewController.m */ = {isa = PBXFileReference; fileEncoding = 4; lastKnownFileType = sourcecode.c.objc; path = WXFirstViewController.m; sourceTree = "<group>"; };
		DE33A45D23AB72B8002942BD /* WXTestViewController.m */ = {isa = PBXFileReference; fileEncoding = 4; lastKnownFileType = sourcecode.c.objc; path = WXTestViewController.m; sourceTree = "<group>"; };
		DE33A45E23AB72B8002942BD /* WXLinkViewController.m */ = {isa = PBXFileReference; fileEncoding = 4; lastKnownFileType = sourcecode.c.objc; path = WXLinkViewController.m; sourceTree = "<group>"; };
		DE33A45F23AB72B8002942BD /* WXTestViewController.h */ = {isa = PBXFileReference; fileEncoding = 4; lastKnownFileType = sourcecode.c.h; path = WXTestViewController.h; sourceTree = "<group>"; };
		DE33A46023AB72B8002942BD /* WXLinkViewController.h */ = {isa = PBXFileReference; fileEncoding = 4; lastKnownFileType = sourcecode.c.h; path = WXLinkViewController.h; sourceTree = "<group>"; };
		DE33A46223AB72B8002942BD /* WXSlideVC.m */ = {isa = PBXFileReference; fileEncoding = 4; lastKnownFileType = sourcecode.c.objc; path = WXSlideVC.m; sourceTree = "<group>"; };
		DE33A46323AB72B8002942BD /* WXSlideVC.h */ = {isa = PBXFileReference; fileEncoding = 4; lastKnownFileType = sourcecode.c.h; path = WXSlideVC.h; sourceTree = "<group>"; };
		DE33A46423AB72B8002942BD /* WXSlideVC.xib */ = {isa = PBXFileReference; fileEncoding = 4; lastKnownFileType = file.xib; path = WXSlideVC.xib; sourceTree = "<group>"; };
		DE33A46623AB72B8002942BD /* WXTableViewCell.m */ = {isa = PBXFileReference; fileEncoding = 4; lastKnownFileType = sourcecode.c.objc; path = WXTableViewCell.m; sourceTree = "<group>"; };
		DE33A46723AB72B8002942BD /* WXTableViewCell.xib */ = {isa = PBXFileReference; fileEncoding = 4; lastKnownFileType = file.xib; path = WXTableViewCell.xib; sourceTree = "<group>"; };
		DE33A46823AB72B9002942BD /* WXTableViewCell.h */ = {isa = PBXFileReference; fileEncoding = 4; lastKnownFileType = sourcecode.c.h; path = WXTableViewCell.h; sourceTree = "<group>"; };
		DE33A46A23AB72B9002942BD /* WXUseInfoView1.xib */ = {isa = PBXFileReference; fileEncoding = 4; lastKnownFileType = file.xib; path = WXUseInfoView1.xib; sourceTree = "<group>"; };
		DE33A46B23AB72B9002942BD /* WXUseInfoViewController.m */ = {isa = PBXFileReference; fileEncoding = 4; lastKnownFileType = sourcecode.c.objc; path = WXUseInfoViewController.m; sourceTree = "<group>"; };
		DE33A46C23AB72B9002942BD /* WXUseInfoView.m */ = {isa = PBXFileReference; fileEncoding = 4; lastKnownFileType = sourcecode.c.objc; path = WXUseInfoView.m; sourceTree = "<group>"; };
		DE33A46D23AB72B9002942BD /* WXUseInfoView.h */ = {isa = PBXFileReference; fileEncoding = 4; lastKnownFileType = sourcecode.c.h; path = WXUseInfoView.h; sourceTree = "<group>"; };
		DE33A46E23AB72B9002942BD /* WXUseInfoViewController.h */ = {isa = PBXFileReference; fileEncoding = 4; lastKnownFileType = sourcecode.c.h; path = WXUseInfoViewController.h; sourceTree = "<group>"; };
		DE33A47023AB72B9002942BD /* WXSwitchTableViewController.h */ = {isa = PBXFileReference; fileEncoding = 4; lastKnownFileType = sourcecode.c.h; path = WXSwitchTableViewController.h; sourceTree = "<group>"; };
		DE33A47123AB72B9002942BD /* WXSwitchTableViewController.m */ = {isa = PBXFileReference; fileEncoding = 4; lastKnownFileType = sourcecode.c.objc; path = WXSwitchTableViewController.m; sourceTree = "<group>"; };
		DE33A47323AB72B9002942BD /* WXBtnViewController.h */ = {isa = PBXFileReference; fileEncoding = 4; lastKnownFileType = sourcecode.c.h; path = WXBtnViewController.h; sourceTree = "<group>"; };
		DE33A47423AB72B9002942BD /* WXBtnViewController.m */ = {isa = PBXFileReference; fileEncoding = 4; lastKnownFileType = sourcecode.c.objc; path = WXBtnViewController.m; sourceTree = "<group>"; };
		DE33A47623AB72B9002942BD /* WXEnvConfigView.m */ = {isa = PBXFileReference; fileEncoding = 4; lastKnownFileType = sourcecode.c.objc; path = WXEnvConfigView.m; sourceTree = "<group>"; };
		DE33A47723AB72B9002942BD /* WXEnvConfigTools.h */ = {isa = PBXFileReference; fileEncoding = 4; lastKnownFileType = sourcecode.c.h; path = WXEnvConfigTools.h; sourceTree = "<group>"; };
		DE33A47823AB72B9002942BD /* WXEnvConfigView.xib */ = {isa = PBXFileReference; fileEncoding = 4; lastKnownFileType = file.xib; path = WXEnvConfigView.xib; sourceTree = "<group>"; };
		DE33A47923AB72B9002942BD /* WXEnvConfigTools.m */ = {isa = PBXFileReference; fileEncoding = 4; lastKnownFileType = sourcecode.c.objc; path = WXEnvConfigTools.m; sourceTree = "<group>"; };
		DE33A47A23AB72B9002942BD /* WXEnvConfigView.h */ = {isa = PBXFileReference; fileEncoding = 4; lastKnownFileType = sourcecode.c.h; path = WXEnvConfigView.h; sourceTree = "<group>"; };
		DE33A47C23AB72B9002942BD /* WXMBBannerVC.h */ = {isa = PBXFileReference; fileEncoding = 4; lastKnownFileType = sourcecode.c.h; path = WXMBBannerVC.h; sourceTree = "<group>"; };
		DE33A47D23AB72B9002942BD /* WXBannerColCell.xib */ = {isa = PBXFileReference; fileEncoding = 4; lastKnownFileType = file.xib; path = WXBannerColCell.xib; sourceTree = "<group>"; };
		DE33A47E23AB72B9002942BD /* WXBannerColCell.h */ = {isa = PBXFileReference; fileEncoding = 4; lastKnownFileType = sourcecode.c.h; path = WXBannerColCell.h; sourceTree = "<group>"; };
		DE33A47F23AB72B9002942BD /* WXMBBannerVC.m */ = {isa = PBXFileReference; fileEncoding = 4; lastKnownFileType = sourcecode.c.objc; path = WXMBBannerVC.m; sourceTree = "<group>"; };
		DE33A48023AB72B9002942BD /* WXBannerColCell.m */ = {isa = PBXFileReference; fileEncoding = 4; lastKnownFileType = sourcecode.c.objc; path = WXBannerColCell.m; sourceTree = "<group>"; };
		DE33A48223AB72B9002942BD /* WXImageTableViewController.h */ = {isa = PBXFileReference; fileEncoding = 4; lastKnownFileType = sourcecode.c.h; path = WXImageTableViewController.h; sourceTree = "<group>"; };
		DE33A48323AB72B9002942BD /* WXImageTableViewController.m */ = {isa = PBXFileReference; fileEncoding = 4; lastKnownFileType = sourcecode.c.objc; path = WXImageTableViewController.m; sourceTree = "<group>"; };
		DE33A48523AB72B9002942BD /* WXItem.h */ = {isa = PBXFileReference; fileEncoding = 4; lastKnownFileType = sourcecode.c.h; path = WXItem.h; sourceTree = "<group>"; };
		DE33A48623AB72B9002942BD /* WXItem.m */ = {isa = PBXFileReference; fileEncoding = 4; lastKnownFileType = sourcecode.c.objc; path = WXItem.m; sourceTree = "<group>"; };
		DE33A48823AB72B9002942BD /* WXItemBtn.m */ = {isa = PBXFileReference; fileEncoding = 4; lastKnownFileType = sourcecode.c.objc; path = WXItemBtn.m; sourceTree = "<group>"; };
		DE33A48923AB72B9002942BD /* WXHomeCellContentViewCell.m */ = {isa = PBXFileReference; fileEncoding = 4; lastKnownFileType = sourcecode.c.objc; path = WXHomeCellContentViewCell.m; sourceTree = "<group>"; };
		DE33A48A23AB72B9002942BD /* WXItemBtn.h */ = {isa = PBXFileReference; fileEncoding = 4; lastKnownFileType = sourcecode.c.h; path = WXItemBtn.h; sourceTree = "<group>"; };
		DE33A48B23AB72B9002942BD /* WXHomeCellContentViewCell.h */ = {isa = PBXFileReference; fileEncoding = 4; lastKnownFileType = sourcecode.c.h; path = WXHomeCellContentViewCell.h; sourceTree = "<group>"; };
		DE33A48C23AB72B9002942BD /* WXFirstViewController.h */ = {isa = PBXFileReference; fileEncoding = 4; lastKnownFileType = sourcecode.c.h; path = WXFirstViewController.h; sourceTree = "<group>"; };
		DE33A48E23AB72B9002942BD /* WXSegmentTableViewController.h */ = {isa = PBXFileReference; fileEncoding = 4; lastKnownFileType = sourcecode.c.h; path = WXSegmentTableViewController.h; sourceTree = "<group>"; };
		DE33A48F23AB72B9002942BD /* WXSegmentTableViewController.m */ = {isa = PBXFileReference; fileEncoding = 4; lastKnownFileType = sourcecode.c.objc; path = WXSegmentTableViewController.m; sourceTree = "<group>"; };
		DE33A49123AB72B9002942BD /* WXTextTableViewCell.xib */ = {isa = PBXFileReference; fileEncoding = 4; lastKnownFileType = file.xib; path = WXTextTableViewCell.xib; sourceTree = "<group>"; };
		DE33A49223AB72B9002942BD /* WXTextTableViewController.m */ = {isa = PBXFileReference; fileEncoding = 4; lastKnownFileType = sourcecode.c.objc; path = WXTextTableViewController.m; sourceTree = "<group>"; };
		DE33A49323AB72B9002942BD /* WXTextTableViewCell.m */ = {isa = PBXFileReference; fileEncoding = 4; lastKnownFileType = sourcecode.c.objc; path = WXTextTableViewCell.m; sourceTree = "<group>"; };
		DE33A49423AB72B9002942BD /* WXTextTableViewController.h */ = {isa = PBXFileReference; fileEncoding = 4; lastKnownFileType = sourcecode.c.h; path = WXTextTableViewController.h; sourceTree = "<group>"; };
		DE33A49523AB72B9002942BD /* WXTextTableViewCell.h */ = {isa = PBXFileReference; fileEncoding = 4; lastKnownFileType = sourcecode.c.h; path = WXTextTableViewCell.h; sourceTree = "<group>"; };
		DE33A49723AB72B9002942BD /* UIColor+DCColorChange.h */ = {isa = PBXFileReference; fileEncoding = 4; lastKnownFileType = sourcecode.c.h; path = "UIColor+DCColorChange.h"; sourceTree = "<group>"; };
		DE33A49823AB72B9002942BD /* WXScreenSizeManager.h */ = {isa = PBXFileReference; fileEncoding = 4; lastKnownFileType = sourcecode.c.h; path = WXScreenSizeManager.h; sourceTree = "<group>"; };
		DE33A49923AB72B9002942BD /* UIImage+WXimage.h */ = {isa = PBXFileReference; fileEncoding = 4; lastKnownFileType = sourcecode.c.h; path = "UIImage+WXimage.h"; sourceTree = "<group>"; };
		DE33A49D23AB72B9002942BD /* NSData+SGImageExtension.m */ = {isa = PBXFileReference; fileEncoding = 4; lastKnownFileType = sourcecode.c.objc; path = "NSData+SGImageExtension.m"; sourceTree = "<group>"; };
		DE33A49E23AB72B9002942BD /* NSString+SGSize.m */ = {isa = PBXFileReference; fileEncoding = 4; lastKnownFileType = sourcecode.c.objc; path = "NSString+SGSize.m"; sourceTree = "<group>"; };
		DE33A49F23AB72B9002942BD /* UIColor+SGHexColor.h */ = {isa = PBXFileReference; fileEncoding = 4; lastKnownFileType = sourcecode.c.h; path = "UIColor+SGHexColor.h"; sourceTree = "<group>"; };
		DE33A4A023AB72B9002942BD /* NSString+SGSize.h */ = {isa = PBXFileReference; fileEncoding = 4; lastKnownFileType = sourcecode.c.h; path = "NSString+SGSize.h"; sourceTree = "<group>"; };
		DE33A4A123AB72B9002942BD /* NSData+SGImageExtension.h */ = {isa = PBXFileReference; fileEncoding = 4; lastKnownFileType = sourcecode.c.h; path = "NSData+SGImageExtension.h"; sourceTree = "<group>"; };
		DE33A4A223AB72B9002942BD /* UIColor+SGHexColor.m */ = {isa = PBXFileReference; fileEncoding = 4; lastKnownFileType = sourcecode.c.objc; path = "UIColor+SGHexColor.m"; sourceTree = "<group>"; };
		DE33A4A423AB72B9002942BD /* UIImage+SGQRCode.h */ = {isa = PBXFileReference; fileEncoding = 4; lastKnownFileType = sourcecode.c.h; path = "UIImage+SGQRCode.h"; sourceTree = "<group>"; };
		DE33A4A523AB72B9002942BD /* UIImage+SGExtension.h */ = {isa = PBXFileReference; fileEncoding = 4; lastKnownFileType = sourcecode.c.h; path = "UIImage+SGExtension.h"; sourceTree = "<group>"; };
		DE33A4A623AB72B9002942BD /* UIImage+SGCompress.h */ = {isa = PBXFileReference; fileEncoding = 4; lastKnownFileType = sourcecode.c.h; path = "UIImage+SGCompress.h"; sourceTree = "<group>"; };
		DE33A4A723AB72B9002942BD /* UIImage+SGCompose.h */ = {isa = PBXFileReference; fileEncoding = 4; lastKnownFileType = sourcecode.c.h; path = "UIImage+SGCompose.h"; sourceTree = "<group>"; };
		DE33A4A823AB72B9002942BD /* UIImage+SGFix.h */ = {isa = PBXFileReference; fileEncoding = 4; lastKnownFileType = sourcecode.c.h; path = "UIImage+SGFix.h"; sourceTree = "<group>"; };
		DE33A4A923AB72B9002942BD /* UIImage+SGCreate.h */ = {isa = PBXFileReference; fileEncoding = 4; lastKnownFileType = sourcecode.c.h; path = "UIImage+SGCreate.h"; sourceTree = "<group>"; };
		DE33A4AA23AB72B9002942BD /* UIImage+SGColorImage.m */ = {isa = PBXFileReference; fileEncoding = 4; lastKnownFileType = sourcecode.c.objc; path = "UIImage+SGColorImage.m"; sourceTree = "<group>"; };
		DE33A4AB23AB72B9002942BD /* UIImage+SGClip.h */ = {isa = PBXFileReference; fileEncoding = 4; lastKnownFileType = sourcecode.c.h; path = "UIImage+SGClip.h"; sourceTree = "<group>"; };
		DE33A4AC23AB72B9002942BD /* UIImage+SGQRCode.m */ = {isa = PBXFileReference; fileEncoding = 4; lastKnownFileType = sourcecode.c.objc; path = "UIImage+SGQRCode.m"; sourceTree = "<group>"; };
		DE33A4AD23AB72B9002942BD /* UIImage+SGCompress.m */ = {isa = PBXFileReference; fileEncoding = 4; lastKnownFileType = sourcecode.c.objc; path = "UIImage+SGCompress.m"; sourceTree = "<group>"; };
		DE33A4AE23AB72B9002942BD /* UIImage+SGFix.m */ = {isa = PBXFileReference; fileEncoding = 4; lastKnownFileType = sourcecode.c.objc; path = "UIImage+SGFix.m"; sourceTree = "<group>"; };
		DE33A4AF23AB72B9002942BD /* UIImage+SGCompose.m */ = {isa = PBXFileReference; fileEncoding = 4; lastKnownFileType = sourcecode.c.objc; path = "UIImage+SGCompose.m"; sourceTree = "<group>"; };
		DE33A4B023AB72B9002942BD /* UIImage+SGClip.m */ = {isa = PBXFileReference; fileEncoding = 4; lastKnownFileType = sourcecode.c.objc; path = "UIImage+SGClip.m"; sourceTree = "<group>"; };
		DE33A4B123AB72B9002942BD /* UIImage+SGColorImage.h */ = {isa = PBXFileReference; fileEncoding = 4; lastKnownFileType = sourcecode.c.h; path = "UIImage+SGColorImage.h"; sourceTree = "<group>"; };
		DE33A4B223AB72B9002942BD /* UIImage+SGCreate.m */ = {isa = PBXFileReference; fileEncoding = 4; lastKnownFileType = sourcecode.c.objc; path = "UIImage+SGCreate.m"; sourceTree = "<group>"; };
		DE33A4B423AB72B9002942BD /* UIViewController+SGKeyboardChangeNoti.m */ = {isa = PBXFileReference; fileEncoding = 4; lastKnownFileType = sourcecode.c.objc; path = "UIViewController+SGKeyboardChangeNoti.m"; sourceTree = "<group>"; };
		DE33A4B523AB72B9002942BD /* UIViewController+SGLoadFromStoryBoard.m */ = {isa = PBXFileReference; fileEncoding = 4; lastKnownFileType = sourcecode.c.objc; path = "UIViewController+SGLoadFromStoryBoard.m"; sourceTree = "<group>"; };
		DE33A4B623AB72B9002942BD /* UIViewController+SGNavigationItem.h */ = {isa = PBXFileReference; fileEncoding = 4; lastKnownFileType = sourcecode.c.h; path = "UIViewController+SGNavigationItem.h"; sourceTree = "<group>"; };
		DE33A4B723AB72B9002942BD /* UIViewController+SGVisible.h */ = {isa = PBXFileReference; fileEncoding = 4; lastKnownFileType = sourcecode.c.h; path = "UIViewController+SGVisible.h"; sourceTree = "<group>"; };
		DE33A4B823AB72B9002942BD /* UIViewController+SGKeyboardChangeNoti.h */ = {isa = PBXFileReference; fileEncoding = 4; lastKnownFileType = sourcecode.c.h; path = "UIViewController+SGKeyboardChangeNoti.h"; sourceTree = "<group>"; };
		DE33A4B923AB72B9002942BD /* UIViewController+SGLoadFromStoryBoard.h */ = {isa = PBXFileReference; fileEncoding = 4; lastKnownFileType = sourcecode.c.h; path = "UIViewController+SGLoadFromStoryBoard.h"; sourceTree = "<group>"; };
		DE33A4BA23AB72B9002942BD /* UIViewController+SGVisible.m */ = {isa = PBXFileReference; fileEncoding = 4; lastKnownFileType = sourcecode.c.objc; path = "UIViewController+SGVisible.m"; sourceTree = "<group>"; };
		DE33A4BB23AB72B9002942BD /* UIViewController+SGNavigationItem.m */ = {isa = PBXFileReference; fileEncoding = 4; lastKnownFileType = sourcecode.c.objc; path = "UIViewController+SGNavigationItem.m"; sourceTree = "<group>"; };
		DE33A4BD23AB72B9002942BD /* CALayer+SGPauseAimate.h */ = {isa = PBXFileReference; fileEncoding = 4; lastKnownFileType = sourcecode.c.h; path = "CALayer+SGPauseAimate.h"; sourceTree = "<group>"; };
		DE33A4BE23AB72B9002942BD /* CATextLayer+SGUIKitProperty.h */ = {isa = PBXFileReference; fileEncoding = 4; lastKnownFileType = sourcecode.c.h; path = "CATextLayer+SGUIKitProperty.h"; sourceTree = "<group>"; };
		DE33A4BF23AB72B9002942BD /* CALayer+SGPauseAimate.m */ = {isa = PBXFileReference; fileEncoding = 4; lastKnownFileType = sourcecode.c.objc; path = "CALayer+SGPauseAimate.m"; sourceTree = "<group>"; };
		DE33A4C023AB72B9002942BD /* CATextLayer+SGUIKitProperty.m */ = {isa = PBXFileReference; fileEncoding = 4; lastKnownFileType = sourcecode.c.objc; path = "CATextLayer+SGUIKitProperty.m"; sourceTree = "<group>"; };
		DE33A4C123AB72B9002942BD /* SGUIKitCategore.h */ = {isa = PBXFileReference; fileEncoding = 4; lastKnownFileType = sourcecode.c.h; path = SGUIKitCategore.h; sourceTree = "<group>"; };
		DE33A4C323AB72B9002942BD /* UIView+SGXib.m */ = {isa = PBXFileReference; fileEncoding = 4; lastKnownFileType = sourcecode.c.objc; path = "UIView+SGXib.m"; sourceTree = "<group>"; };
		DE33A4C423AB72B9002942BD /* UIView+SGFrame.h */ = {isa = PBXFileReference; fileEncoding = 4; lastKnownFileType = sourcecode.c.h; path = "UIView+SGFrame.h"; sourceTree = "<group>"; };
		DE33A4C523AB72B9002942BD /* UIView+SGSnipImageView.m */ = {isa = PBXFileReference; fileEncoding = 4; lastKnownFileType = sourcecode.c.objc; path = "UIView+SGSnipImageView.m"; sourceTree = "<group>"; };
		DE33A4C623AB72B9002942BD /* UITableView+SGRegister.h */ = {isa = PBXFileReference; fileEncoding = 4; lastKnownFileType = sourcecode.c.h; path = "UITableView+SGRegister.h"; sourceTree = "<group>"; };
		DE33A4C723AB72B9002942BD /* UIView+SGCorners.h */ = {isa = PBXFileReference; fileEncoding = 4; lastKnownFileType = sourcecode.c.h; path = "UIView+SGCorners.h"; sourceTree = "<group>"; };
		DE33A4C823AB72B9002942BD /* UIView+SGFrame.m */ = {isa = PBXFileReference; fileEncoding = 4; lastKnownFileType = sourcecode.c.objc; path = "UIView+SGFrame.m"; sourceTree = "<group>"; };
		DE33A4C923AB72B9002942BD /* UIView+SGXib.h */ = {isa = PBXFileReference; fileEncoding = 4; lastKnownFileType = sourcecode.c.h; path = "UIView+SGXib.h"; sourceTree = "<group>"; };
		DE33A4CA23AB72B9002942BD /* UIView+SGSnipImageView.h */ = {isa = PBXFileReference; fileEncoding = 4; lastKnownFileType = sourcecode.c.h; path = "UIView+SGSnipImageView.h"; sourceTree = "<group>"; };
		DE33A4CB23AB72B9002942BD /* UIView+SGCorners.m */ = {isa = PBXFileReference; fileEncoding = 4; lastKnownFileType = sourcecode.c.objc; path = "UIView+SGCorners.m"; sourceTree = "<group>"; };
		DE33A4CC23AB72B9002942BD /* UITableView+SGRegister.m */ = {isa = PBXFileReference; fileEncoding = 4; lastKnownFileType = sourcecode.c.objc; path = "UITableView+SGRegister.m"; sourceTree = "<group>"; };
		DE33A4CE23AB72B9002942BD /* NSDate+SGExtension.h */ = {isa = PBXFileReference; fileEncoding = 4; lastKnownFileType = sourcecode.c.h; path = "NSDate+SGExtension.h"; sourceTree = "<group>"; };
		DE33A4CF23AB72B9002942BD /* NSString+Hash.m */ = {isa = PBXFileReference; fileEncoding = 4; lastKnownFileType = sourcecode.c.objc; path = "NSString+Hash.m"; sourceTree = "<group>"; };
		DE33A4D023AB72B9002942BD /* NSArray+SGArrayFormSet.m */ = {isa = PBXFileReference; fileEncoding = 4; lastKnownFileType = sourcecode.c.objc; path = "NSArray+SGArrayFormSet.m"; sourceTree = "<group>"; };
		DE33A4D123AB72B9002942BD /* NSTimer+SGBlock.h */ = {isa = PBXFileReference; fileEncoding = 4; lastKnownFileType = sourcecode.c.h; path = "NSTimer+SGBlock.h"; sourceTree = "<group>"; };
		DE33A4D223AB72B9002942BD /* NSString+SGMoney.m */ = {isa = PBXFileReference; fileEncoding = 4; lastKnownFileType = sourcecode.c.objc; path = "NSString+SGMoney.m"; sourceTree = "<group>"; };
		DE33A4D323AB72B9002942BD /* FoundationLog.m */ = {isa = PBXFileReference; fileEncoding = 4; lastKnownFileType = sourcecode.c.objc; path = FoundationLog.m; sourceTree = "<group>"; };
		DE33A4D423AB72B9002942BD /* NSString+SGRemoveSprit.h */ = {isa = PBXFileReference; fileEncoding = 4; lastKnownFileType = sourcecode.c.h; path = "NSString+SGRemoveSprit.h"; sourceTree = "<group>"; };
		DE33A4D523AB72B9002942BD /* NSString+SGRegexValid.h */ = {isa = PBXFileReference; fileEncoding = 4; lastKnownFileType = sourcecode.c.h; path = "NSString+SGRegexValid.h"; sourceTree = "<group>"; };
		DE33A4D623AB72B9002942BD /* SGFoundationCategore.h */ = {isa = PBXFileReference; fileEncoding = 4; lastKnownFileType = sourcecode.c.h; path = SGFoundationCategore.h; sourceTree = "<group>"; };
		DE33A4D723AB72B9002942BD /* NSMutableArray+SGAddObject.h */ = {isa = PBXFileReference; fileEncoding = 4; lastKnownFileType = sourcecode.c.h; path = "NSMutableArray+SGAddObject.h"; sourceTree = "<group>"; };
		DE33A4D823AB72B9002942BD /* NSMutableDictionary+SGSetObjc.m */ = {isa = PBXFileReference; fileEncoding = 4; lastKnownFileType = sourcecode.c.objc; path = "NSMutableDictionary+SGSetObjc.m"; sourceTree = "<group>"; };
		DE33A4D923AB72B9002942BD /* NSObject+SGSelector.m */ = {isa = PBXFileReference; fileEncoding = 4; lastKnownFileType = sourcecode.c.objc; path = "NSObject+SGSelector.m"; sourceTree = "<group>"; };
		DE33A4DA23AB72B9002942BD /* NSObject+SGSwizzlingMethod.m */ = {isa = PBXFileReference; fileEncoding = 4; lastKnownFileType = sourcecode.c.objc; path = "NSObject+SGSwizzlingMethod.m"; sourceTree = "<group>"; };
		DE33A4DB23AB72B9002942BD /* NSString+SGHash.h */ = {isa = PBXFileReference; fileEncoding = 4; lastKnownFileType = sourcecode.c.h; path = "NSString+SGHash.h"; sourceTree = "<group>"; };
		DE33A4DC23AB72B9002942BD /* NSString+SGRegex.m */ = {isa = PBXFileReference; fileEncoding = 4; lastKnownFileType = sourcecode.c.objc; path = "NSString+SGRegex.m"; sourceTree = "<group>"; };
		DE33A4DD23AB72B9002942BD /* NSArray+SGInvertedOrder.h */ = {isa = PBXFileReference; fileEncoding = 4; lastKnownFileType = sourcecode.c.h; path = "NSArray+SGInvertedOrder.h"; sourceTree = "<group>"; };
		DE33A4DE23AB72B9002942BD /* NSString+SGMoney.h */ = {isa = PBXFileReference; fileEncoding = 4; lastKnownFileType = sourcecode.c.h; path = "NSString+SGMoney.h"; sourceTree = "<group>"; };
		DE33A4DF23AB72B9002942BD /* NSTimer+SGBlock.m */ = {isa = PBXFileReference; fileEncoding = 4; lastKnownFileType = sourcecode.c.objc; path = "NSTimer+SGBlock.m"; sourceTree = "<group>"; };
		DE33A4E023AB72B9002942BD /* NSArray+SGArrayFormSet.h */ = {isa = PBXFileReference; fileEncoding = 4; lastKnownFileType = sourcecode.c.h; path = "NSArray+SGArrayFormSet.h"; sourceTree = "<group>"; };
		DE33A4E123AB72B9002942BD /* NSString+Hash.h */ = {isa = PBXFileReference; fileEncoding = 4; lastKnownFileType = sourcecode.c.h; path = "NSString+Hash.h"; sourceTree = "<group>"; };
		DE33A4E223AB72B9002942BD /* NSDate+SGExtension.m */ = {isa = PBXFileReference; fileEncoding = 4; lastKnownFileType = sourcecode.c.objc; path = "NSDate+SGExtension.m"; sourceTree = "<group>"; };
		DE33A4E323AB72B9002942BD /* NSString+SGRemoveSprit.m */ = {isa = PBXFileReference; fileEncoding = 4; lastKnownFileType = sourcecode.c.objc; path = "NSString+SGRemoveSprit.m"; sourceTree = "<group>"; };
		DE33A4E423AB72B9002942BD /* NSObject+SGSwizzlingMethod.h */ = {isa = PBXFileReference; fileEncoding = 4; lastKnownFileType = sourcecode.c.h; path = "NSObject+SGSwizzlingMethod.h"; sourceTree = "<group>"; };
		DE33A4E523AB72B9002942BD /* NSMutableDictionary+SGSetObjc.h */ = {isa = PBXFileReference; fileEncoding = 4; lastKnownFileType = sourcecode.c.h; path = "NSMutableDictionary+SGSetObjc.h"; sourceTree = "<group>"; };
		DE33A4E623AB72B9002942BD /* NSObject+SGSelector.h */ = {isa = PBXFileReference; fileEncoding = 4; lastKnownFileType = sourcecode.c.h; path = "NSObject+SGSelector.h"; sourceTree = "<group>"; };
		DE33A4E723AB72B9002942BD /* NSMutableArray+SGAddObject.m */ = {isa = PBXFileReference; fileEncoding = 4; lastKnownFileType = sourcecode.c.objc; path = "NSMutableArray+SGAddObject.m"; sourceTree = "<group>"; };
		DE33A4E823AB72B9002942BD /* NSString+SGRegexValid.m */ = {isa = PBXFileReference; fileEncoding = 4; lastKnownFileType = sourcecode.c.objc; path = "NSString+SGRegexValid.m"; sourceTree = "<group>"; };
		DE33A4E923AB72B9002942BD /* NSArray+SGInvertedOrder.m */ = {isa = PBXFileReference; fileEncoding = 4; lastKnownFileType = sourcecode.c.objc; path = "NSArray+SGInvertedOrder.m"; sourceTree = "<group>"; };
		DE33A4EA23AB72B9002942BD /* NSString+SGRegex.h */ = {isa = PBXFileReference; fileEncoding = 4; lastKnownFileType = sourcecode.c.h; path = "NSString+SGRegex.h"; sourceTree = "<group>"; };
		DE33A4EB23AB72B9002942BD /* NSString+SGHash.m */ = {isa = PBXFileReference; fileEncoding = 4; lastKnownFileType = sourcecode.c.objc; path = "NSString+SGHash.m"; sourceTree = "<group>"; };
		DE33A4EC23AB72B9002942BD /* SGCategore.h */ = {isa = PBXFileReference; fileEncoding = 4; lastKnownFileType = sourcecode.c.h; path = SGCategore.h; sourceTree = "<group>"; };
		DE33A4ED23AB72B9002942BD /* UIColor+DCColorChange.m */ = {isa = PBXFileReference; fileEncoding = 4; lastKnownFileType = sourcecode.c.objc; path = "UIColor+DCColorChange.m"; sourceTree = "<group>"; };
		DE33A4EE23AB72B9002942BD /* UIImage+WXimage.m */ = {isa = PBXFileReference; fileEncoding = 4; lastKnownFileType = sourcecode.c.objc; path = "UIImage+WXimage.m"; sourceTree = "<group>"; };
		DE33A4EF23AB72B9002942BD /* WXScreenSizeManager.m */ = {isa = PBXFileReference; fileEncoding = 4; lastKnownFileType = sourcecode.c.objc; path = WXScreenSizeManager.m; sourceTree = "<group>"; };
		DE33A4F023AB72B9002942BD /* WXGZDemo-Bridging-Header.h */ = {isa = PBXFileReference; fileEncoding = 4; lastKnownFileType = sourcecode.c.h; path = "WXGZDemo-Bridging-Header.h"; sourceTree = "<group>"; };
		DE33A4F223AB72B9002942BD /* WXBaseTableViewController.h */ = {isa = PBXFileReference; fileEncoding = 4; lastKnownFileType = sourcecode.c.h; path = WXBaseTableViewController.h; sourceTree = "<group>"; };
		DE33A4F323AB72B9002942BD /* WXBaseViewController.m */ = {isa = PBXFileReference; fileEncoding = 4; lastKnownFileType = sourcecode.c.objc; path = WXBaseViewController.m; sourceTree = "<group>"; };
		DE33A4F523AB72B9002942BD /* WXUINavigationController.m */ = {isa = PBXFileReference; fileEncoding = 4; lastKnownFileType = sourcecode.c.objc; path = WXUINavigationController.m; sourceTree = "<group>"; };
		DE33A4F623AB72B9002942BD /* WXUINavigationController.h */ = {isa = PBXFileReference; fileEncoding = 4; lastKnownFileType = sourcecode.c.h; path = WXUINavigationController.h; sourceTree = "<group>"; };
		DE33A4F723AB72B9002942BD /* WXBaseTableViewController.m */ = {isa = PBXFileReference; fileEncoding = 4; lastKnownFileType = sourcecode.c.objc; path = WXBaseTableViewController.m; sourceTree = "<group>"; };
		DE33A4F923AB72B9002942BD /* WXUITabbarVC.h */ = {isa = PBXFileReference; fileEncoding = 4; lastKnownFileType = sourcecode.c.h; path = WXUITabbarVC.h; sourceTree = "<group>"; };
		DE33A4FA23AB72B9002942BD /* WXUITabbarVC.m */ = {isa = PBXFileReference; fileEncoding = 4; lastKnownFileType = sourcecode.c.objc; path = WXUITabbarVC.m; sourceTree = "<group>"; };
		DE33A4FB23AB72B9002942BD /* WXBaseViewController.h */ = {isa = PBXFileReference; fileEncoding = 4; lastKnownFileType = sourcecode.c.h; path = WXBaseViewController.h; sourceTree = "<group>"; };
		DE33A4FD23AB72B9002942BD /* MASCompositeConstraint.h */ = {isa = PBXFileReference; fileEncoding = 4; lastKnownFileType = sourcecode.c.h; path = MASCompositeConstraint.h; sourceTree = "<group>"; };
		DE33A4FE23AB72B9002942BD /* NSLayoutConstraint+MASDebugAdditions.m */ = {isa = PBXFileReference; fileEncoding = 4; lastKnownFileType = sourcecode.c.objc; path = "NSLayoutConstraint+MASDebugAdditions.m"; sourceTree = "<group>"; };
		DE33A4FF23AB72B9002942BD /* MASConstraint+Private.h */ = {isa = PBXFileReference; fileEncoding = 4; lastKnownFileType = sourcecode.c.h; path = "MASConstraint+Private.h"; sourceTree = "<group>"; };
		DE33A50023AB72B9002942BD /* MASLayoutConstraint.h */ = {isa = PBXFileReference; fileEncoding = 4; lastKnownFileType = sourcecode.c.h; path = MASLayoutConstraint.h; sourceTree = "<group>"; };
		DE33A50123AB72B9002942BD /* NSArray+MASShorthandAdditions.h */ = {isa = PBXFileReference; fileEncoding = 4; lastKnownFileType = sourcecode.c.h; path = "NSArray+MASShorthandAdditions.h"; sourceTree = "<group>"; };
		DE33A50223AB72B9002942BD /* MASConstraintMaker.h */ = {isa = PBXFileReference; fileEncoding = 4; lastKnownFileType = sourcecode.c.h; path = MASConstraintMaker.h; sourceTree = "<group>"; };
		DE33A50323AB72B9002942BD /* View+MASAdditions.h */ = {isa = PBXFileReference; fileEncoding = 4; lastKnownFileType = sourcecode.c.h; path = "View+MASAdditions.h"; sourceTree = "<group>"; };
		DE33A50423AB72B9002942BD /* NSArray+MASAdditions.h */ = {isa = PBXFileReference; fileEncoding = 4; lastKnownFileType = sourcecode.c.h; path = "NSArray+MASAdditions.h"; sourceTree = "<group>"; };
		DE33A50523AB72B9002942BD /* MASUtilities.h */ = {isa = PBXFileReference; fileEncoding = 4; lastKnownFileType = sourcecode.c.h; path = MASUtilities.h; sourceTree = "<group>"; };
		DE33A50623AB72B9002942BD /* MASViewAttribute.h */ = {isa = PBXFileReference; fileEncoding = 4; lastKnownFileType = sourcecode.c.h; path = MASViewAttribute.h; sourceTree = "<group>"; };
		DE33A50723AB72B9002942BD /* ViewController+MASAdditions.m */ = {isa = PBXFileReference; fileEncoding = 4; lastKnownFileType = sourcecode.c.objc; path = "ViewController+MASAdditions.m"; sourceTree = "<group>"; };
		DE33A50823AB72B9002942BD /* MASViewConstraint.h */ = {isa = PBXFileReference; fileEncoding = 4; lastKnownFileType = sourcecode.c.h; path = MASViewConstraint.h; sourceTree = "<group>"; };
		DE33A50923AB72B9002942BD /* MASConstraint.h */ = {isa = PBXFileReference; fileEncoding = 4; lastKnownFileType = sourcecode.c.h; path = MASConstraint.h; sourceTree = "<group>"; };
		DE33A50A23AB72B9002942BD /* NSLayoutConstraint+MASDebugAdditions.h */ = {isa = PBXFileReference; fileEncoding = 4; lastKnownFileType = sourcecode.c.h; path = "NSLayoutConstraint+MASDebugAdditions.h"; sourceTree = "<group>"; };
		DE33A50B23AB72B9002942BD /* MASCompositeConstraint.m */ = {isa = PBXFileReference; fileEncoding = 4; lastKnownFileType = sourcecode.c.objc; path = MASCompositeConstraint.m; sourceTree = "<group>"; };
		DE33A50C23AB72B9002942BD /* MASConstraintMaker.m */ = {isa = PBXFileReference; fileEncoding = 4; lastKnownFileType = sourcecode.c.objc; path = MASConstraintMaker.m; sourceTree = "<group>"; };
		DE33A50D23AB72B9002942BD /* MASLayoutConstraint.m */ = {isa = PBXFileReference; fileEncoding = 4; lastKnownFileType = sourcecode.c.objc; path = MASLayoutConstraint.m; sourceTree = "<group>"; };
		DE33A50E23AB72B9002942BD /* NSArray+MASAdditions.m */ = {isa = PBXFileReference; fileEncoding = 4; lastKnownFileType = sourcecode.c.objc; path = "NSArray+MASAdditions.m"; sourceTree = "<group>"; };
		DE33A50F23AB72B9002942BD /* View+MASAdditions.m */ = {isa = PBXFileReference; fileEncoding = 4; lastKnownFileType = sourcecode.c.objc; path = "View+MASAdditions.m"; sourceTree = "<group>"; };
		DE33A51023AB72B9002942BD /* View+MASShorthandAdditions.h */ = {isa = PBXFileReference; fileEncoding = 4; lastKnownFileType = sourcecode.c.h; path = "View+MASShorthandAdditions.h"; sourceTree = "<group>"; };
		DE33A51123AB72B9002942BD /* Masonry.h */ = {isa = PBXFileReference; fileEncoding = 4; lastKnownFileType = sourcecode.c.h; path = Masonry.h; sourceTree = "<group>"; };
		DE33A51223AB72B9002942BD /* MASConstraint.m */ = {isa = PBXFileReference; fileEncoding = 4; lastKnownFileType = sourcecode.c.objc; path = MASConstraint.m; sourceTree = "<group>"; };
		DE33A51323AB72B9002942BD /* ViewController+MASAdditions.h */ = {isa = PBXFileReference; fileEncoding = 4; lastKnownFileType = sourcecode.c.h; path = "ViewController+MASAdditions.h"; sourceTree = "<group>"; };
		DE33A51423AB72B9002942BD /* MASViewConstraint.m */ = {isa = PBXFileReference; fileEncoding = 4; lastKnownFileType = sourcecode.c.objc; path = MASViewConstraint.m; sourceTree = "<group>"; };
		DE33A51523AB72B9002942BD /* MASViewAttribute.m */ = {isa = PBXFileReference; fileEncoding = 4; lastKnownFileType = sourcecode.c.objc; path = MASViewAttribute.m; sourceTree = "<group>"; };
		DE33A51723AB72B9002942BD /* WXSecondViewController.m */ = {isa = PBXFileReference; fileEncoding = 4; lastKnownFileType = sourcecode.c.objc; path = WXSecondViewController.m; sourceTree = "<group>"; };
		DE33A51823AB72B9002942BD /* WXSecondViewController.h */ = {isa = PBXFileReference; fileEncoding = 4; lastKnownFileType = sourcecode.c.h; path = WXSecondViewController.h; sourceTree = "<group>"; };
		DE33A51923AB72B9002942BD /* WXMacro.h */ = {isa = PBXFileReference; fileEncoding = 4; lastKnownFileType = sourcecode.c.h; path = WXMacro.h; sourceTree = "<group>"; };
		DE33A51B23AB72B9002942BD /* HUDManager.h */ = {isa = PBXFileReference; fileEncoding = 4; lastKnownFileType = sourcecode.c.h; path = HUDManager.h; sourceTree = "<group>"; };
		DE33A51D23AB72B9002942BD /* MBProgressHUD.m */ = {isa = PBXFileReference; fileEncoding = 4; lastKnownFileType = sourcecode.c.objc; path = MBProgressHUD.m; sourceTree = "<group>"; };
		DE33A51E23AB72B9002942BD /* LICENSE */ = {isa = PBXFileReference; fileEncoding = 4; lastKnownFileType = text; path = LICENSE; sourceTree = "<group>"; };
		DE33A51F23AB72B9002942BD /* MBProgressHUD.h */ = {isa = PBXFileReference; fileEncoding = 4; lastKnownFileType = sourcecode.c.h; path = MBProgressHUD.h; sourceTree = "<group>"; };
		DE33A52023AB72B9002942BD /* README.mdown */ = {isa = PBXFileReference; fileEncoding = 4; lastKnownFileType = net.daringfireball.markdown; path = README.mdown; sourceTree = "<group>"; };
		DE33A52123AB72B9002942BD /* HUDManager.m */ = {isa = PBXFileReference; fileEncoding = 4; lastKnownFileType = sourcecode.c.objc; path = HUDManager.m; sourceTree = "<group>"; };
		DE33A52223AB72B9002942BD /* MBProgressHUD.bundle */ = {isa = PBXFileReference; lastKnownFileType = "wrapper.plug-in"; path = MBProgressHUD.bundle; sourceTree = "<group>"; };
		DE33A52423AB72B9002942BD /* WXConfigTools.m */ = {isa = PBXFileReference; fileEncoding = 4; lastKnownFileType = sourcecode.c.objc; path = WXConfigTools.m; sourceTree = "<group>"; };
		DE33A52523AB72B9002942BD /* WXConfigTools.h */ = {isa = PBXFileReference; fileEncoding = 4; lastKnownFileType = sourcecode.c.h; path = WXConfigTools.h; sourceTree = "<group>"; };
		DEBA53F62297AED400165A20 /* AppDelegate+push.h */ = {isa = PBXFileReference; fileEncoding = 4; lastKnownFileType = sourcecode.c.h; path = "AppDelegate+push.h"; sourceTree = "<group>"; };
		DEBA53F72297AED400165A20 /* AppDelegate+push.m */ = {isa = PBXFileReference; fileEncoding = 4; lastKnownFileType = sourcecode.c.objc; path = "AppDelegate+push.m"; sourceTree = "<group>"; };
/* End PBXFileReference section */

/* Begin PBXFrameworksBuildPhase section */
		CC843C321FF4855C0088C0B6 /* Frameworks */ = {
			isa = PBXFrameworksBuildPhase;
			buildActionMask = 2147483647;
			files = (
				46B2B313546974DF591017F0 /* Pods_WXGZDemo.framework in Frameworks */,
			);
			runOnlyForDeploymentPostprocessing = 0;
		};
/* End PBXFrameworksBuildPhase section */

/* Begin PBXGroup section */
		26718F739B0B413229200E30 /* Pods */ = {
			isa = PBXGroup;
			children = (
				C25003CB6165AB86BB4EF6B4 /* Pods-WXGZDemo.debug.xcconfig */,
				0F2D0224A4CC3C4672574BED /* Pods-WXGZDemo.release.xcconfig */,
			);
			path = Pods;
			sourceTree = "<group>";
		};
		CC843C2C1FF4855C0088C0B6 = {
			isa = PBXGroup;
			children = (
				CC843C371FF4855C0088C0B6 /* WXGZDemo */,
				CC843C361FF4855C0088C0B6 /* Products */,
				CC843C751FF48FC50088C0B6 /* Frameworks */,
				26718F739B0B413229200E30 /* Pods */,
			);
			sourceTree = "<group>";
		};
		CC843C361FF4855C0088C0B6 /* Products */ = {
			isa = PBXGroup;
			children = (
				CC843C351FF4855C0088C0B6 /* WXGZDemo.app */,
			);
			name = Products;
			sourceTree = "<group>";
		};
		CC843C371FF4855C0088C0B6 /* WXGZDemo */ = {
			isa = PBXGroup;
			children = (
				DE33A45123AB72B8002942BD /* demo */,
				CCA7973F200CD27900BCBFFB /* WXGZDemo.entitlements */,
				CC843C381FF4855C0088C0B6 /* AppDelegate.h */,
				CC843C391FF4855C0088C0B6 /* AppDelegate.m */,
				DEBA53F62297AED400165A20 /* AppDelegate+push.h */,
				DEBA53F72297AED400165A20 /* AppDelegate+push.m */,
				CC843C3E1FF4855C0088C0B6 /* Main.storyboard */,
				CC843C411FF4855C0088C0B6 /* Assets.xcassets */,
				CC843C461FF4855C0088C0B6 /* Info.plist */,
				CC843C471FF4855C0088C0B6 /* main.m */,
			);
			path = WXGZDemo;
			sourceTree = "<group>";
		};
		CC843C751FF48FC50088C0B6 /* Frameworks */ = {
			isa = PBXGroup;
			children = (
				A83FFAB5201034740052CC99 /* WXGZ_SDK.framework */,
				A8CAA71D1FFCD1BB00C6C2A8 /* OperationToolSDK.framework */,
				A8CAA71E1FFCD1BB00C6C2A8 /* WXGZ_SDK.framework */,
				CC843C781FF48FD10088C0B6 /* libsqlite3.tbd */,
				CC843C761FF48FC50088C0B6 /* libz.tbd */,
				3A57B9379870DDAB0B25B7C8 /* Pods_WXGZDemo.framework */,
			);
			name = Frameworks;
			sourceTree = "<group>";
		};
		DE33A45123AB72B8002942BD /* demo */ = {
			isa = PBXGroup;
			children = (
				DE33A45223AB72B8002942BD /* WXFirstViewController */,
				DE33A49623AB72B9002942BD /* Category */,
				DE33A4F023AB72B9002942BD /* WXGZDemo-Bridging-Header.h */,
				DE33A4F123AB72B9002942BD /* BaseVC */,
				DE33A4FC23AB72B9002942BD /* Masonry */,
				DE33A51623AB72B9002942BD /* WXSecondViewController */,
				DE33A51923AB72B9002942BD /* WXMacro.h */,
				DE33A51A23AB72B9002942BD /* YWHudManager */,
				DE33A52323AB72B9002942BD /* WXConfigTools */,
			);
			path = demo;
			sourceTree = "<group>";
		};
		DE33A45223AB72B8002942BD /* WXFirstViewController */ = {
			isa = PBXGroup;
			children = (
				DE33A45323AB72B8002942BD /* WXTFVC */,
				DE33A45823AB72B8002942BD /* WXAttackViewController */,
				DE33A45B23AB72B8002942BD /* WXFirstViewController.m */,
				DE33A45C23AB72B8002942BD /* WXLinkVC */,
				DE33A46123AB72B8002942BD /* WXSliderVC */,
				DE33A46523AB72B8002942BD /* WXTableViewCell */,
				DE33A46923AB72B9002942BD /* WXUseInfoViewController */,
				DE33A46F23AB72B9002942BD /* WXSwitchVC */,
				DE33A47223AB72B9002942BD /* WXBtnVC */,
				DE33A47523AB72B9002942BD /* WXEnvConfigView */,
				DE33A47B23AB72B9002942BD /* WXBanner */,
				DE33A48123AB72B9002942BD /* WXImageVC */,
				DE33A48423AB72B9002942BD /* model */,
				DE33A48723AB72B9002942BD /* view */,
				DE33A48C23AB72B9002942BD /* WXFirstViewController.h */,
				DE33A48D23AB72B9002942BD /* UISegmentedVC */,
				DE33A49023AB72B9002942BD /* WXTextVC */,
			);
			path = WXFirstViewController;
			sourceTree = "<group>";
		};
		DE33A45323AB72B8002942BD /* WXTFVC */ = {
			isa = PBXGroup;
			children = (
				DE33A45423AB72B8002942BD /* WXTFTableViewController.h */,
				DE33A45523AB72B8002942BD /* WXCustomTextField.h */,
				DE33A45623AB72B8002942BD /* WXTFTableViewController.m */,
				DE33A45723AB72B8002942BD /* WXCustomTextField.m */,
			);
			path = WXTFVC;
			sourceTree = "<group>";
		};
		DE33A45823AB72B8002942BD /* WXAttackViewController */ = {
			isa = PBXGroup;
			children = (
				DE33A45923AB72B8002942BD /* WXAttackTableViewController.h */,
				DE33A45A23AB72B8002942BD /* WXAttackTableViewController.m */,
			);
			path = WXAttackViewController;
			sourceTree = "<group>";
		};
		DE33A45C23AB72B8002942BD /* WXLinkVC */ = {
			isa = PBXGroup;
			children = (
				DE33A45D23AB72B8002942BD /* WXTestViewController.m */,
				DE33A45E23AB72B8002942BD /* WXLinkViewController.m */,
				DE33A45F23AB72B8002942BD /* WXTestViewController.h */,
				DE33A46023AB72B8002942BD /* WXLinkViewController.h */,
			);
			path = WXLinkVC;
			sourceTree = "<group>";
		};
		DE33A46123AB72B8002942BD /* WXSliderVC */ = {
			isa = PBXGroup;
			children = (
				DE33A46223AB72B8002942BD /* WXSlideVC.m */,
				DE33A46323AB72B8002942BD /* WXSlideVC.h */,
				DE33A46423AB72B8002942BD /* WXSlideVC.xib */,
			);
			path = WXSliderVC;
			sourceTree = "<group>";
		};
		DE33A46523AB72B8002942BD /* WXTableViewCell */ = {
			isa = PBXGroup;
			children = (
				DE33A46623AB72B8002942BD /* WXTableViewCell.m */,
				DE33A46723AB72B8002942BD /* WXTableViewCell.xib */,
				DE33A46823AB72B9002942BD /* WXTableViewCell.h */,
			);
			path = WXTableViewCell;
			sourceTree = "<group>";
		};
		DE33A46923AB72B9002942BD /* WXUseInfoViewController */ = {
			isa = PBXGroup;
			children = (
				DE33A46A23AB72B9002942BD /* WXUseInfoView1.xib */,
				DE33A46B23AB72B9002942BD /* WXUseInfoViewController.m */,
				DE33A46C23AB72B9002942BD /* WXUseInfoView.m */,
				DE33A46D23AB72B9002942BD /* WXUseInfoView.h */,
				DE33A46E23AB72B9002942BD /* WXUseInfoViewController.h */,
			);
			path = WXUseInfoViewController;
			sourceTree = "<group>";
		};
		DE33A46F23AB72B9002942BD /* WXSwitchVC */ = {
			isa = PBXGroup;
			children = (
				DE33A47023AB72B9002942BD /* WXSwitchTableViewController.h */,
				DE33A47123AB72B9002942BD /* WXSwitchTableViewController.m */,
			);
			path = WXSwitchVC;
			sourceTree = "<group>";
		};
		DE33A47223AB72B9002942BD /* WXBtnVC */ = {
			isa = PBXGroup;
			children = (
				DE33A47323AB72B9002942BD /* WXBtnViewController.h */,
				DE33A47423AB72B9002942BD /* WXBtnViewController.m */,
			);
			path = WXBtnVC;
			sourceTree = "<group>";
		};
		DE33A47523AB72B9002942BD /* WXEnvConfigView */ = {
			isa = PBXGroup;
			children = (
				DE33A47623AB72B9002942BD /* WXEnvConfigView.m */,
				DE33A47723AB72B9002942BD /* WXEnvConfigTools.h */,
				DE33A47823AB72B9002942BD /* WXEnvConfigView.xib */,
				DE33A47923AB72B9002942BD /* WXEnvConfigTools.m */,
				DE33A47A23AB72B9002942BD /* WXEnvConfigView.h */,
			);
			path = WXEnvConfigView;
			sourceTree = "<group>";
		};
		DE33A47B23AB72B9002942BD /* WXBanner */ = {
			isa = PBXGroup;
			children = (
				DE33A47C23AB72B9002942BD /* WXMBBannerVC.h */,
				DE33A47D23AB72B9002942BD /* WXBannerColCell.xib */,
				DE33A47E23AB72B9002942BD /* WXBannerColCell.h */,
				DE33A47F23AB72B9002942BD /* WXMBBannerVC.m */,
				DE33A48023AB72B9002942BD /* WXBannerColCell.m */,
			);
			path = WXBanner;
			sourceTree = "<group>";
		};
		DE33A48123AB72B9002942BD /* WXImageVC */ = {
			isa = PBXGroup;
			children = (
				DE33A48223AB72B9002942BD /* WXImageTableViewController.h */,
				DE33A48323AB72B9002942BD /* WXImageTableViewController.m */,
			);
			path = WXImageVC;
			sourceTree = "<group>";
		};
		DE33A48423AB72B9002942BD /* model */ = {
			isa = PBXGroup;
			children = (
				DE33A48523AB72B9002942BD /* WXItem.h */,
				DE33A48623AB72B9002942BD /* WXItem.m */,
			);
			path = model;
			sourceTree = "<group>";
		};
		DE33A48723AB72B9002942BD /* view */ = {
			isa = PBXGroup;
			children = (
				DE33A48823AB72B9002942BD /* WXItemBtn.m */,
				DE33A48923AB72B9002942BD /* WXHomeCellContentViewCell.m */,
				DE33A48A23AB72B9002942BD /* WXItemBtn.h */,
				DE33A48B23AB72B9002942BD /* WXHomeCellContentViewCell.h */,
			);
			path = view;
			sourceTree = "<group>";
		};
		DE33A48D23AB72B9002942BD /* UISegmentedVC */ = {
			isa = PBXGroup;
			children = (
				DE33A48E23AB72B9002942BD /* WXSegmentTableViewController.h */,
				DE33A48F23AB72B9002942BD /* WXSegmentTableViewController.m */,
			);
			path = UISegmentedVC;
			sourceTree = "<group>";
		};
		DE33A49023AB72B9002942BD /* WXTextVC */ = {
			isa = PBXGroup;
			children = (
				DE33A49123AB72B9002942BD /* WXTextTableViewCell.xib */,
				DE33A49223AB72B9002942BD /* WXTextTableViewController.m */,
				DE33A49323AB72B9002942BD /* WXTextTableViewCell.m */,
				DE33A49423AB72B9002942BD /* WXTextTableViewController.h */,
				DE33A49523AB72B9002942BD /* WXTextTableViewCell.h */,
			);
			path = WXTextVC;
			sourceTree = "<group>";
		};
		DE33A49623AB72B9002942BD /* Category */ = {
			isa = PBXGroup;
			children = (
				DE33A49723AB72B9002942BD /* UIColor+DCColorChange.h */,
				DE33A49823AB72B9002942BD /* WXScreenSizeManager.h */,
				DE33A49923AB72B9002942BD /* UIImage+WXimage.h */,
				DE33A49A23AB72B9002942BD /* SGCategory */,
				DE33A4ED23AB72B9002942BD /* UIColor+DCColorChange.m */,
				DE33A4EE23AB72B9002942BD /* UIImage+WXimage.m */,
				DE33A4EF23AB72B9002942BD /* WXScreenSizeManager.m */,
			);
			path = Category;
			sourceTree = "<group>";
		};
		DE33A49A23AB72B9002942BD /* SGCategory */ = {
			isa = PBXGroup;
			children = (
				DE33A49B23AB72B9002942BD /* UIKit */,
				DE33A4CD23AB72B9002942BD /* Foundation */,
				DE33A4EC23AB72B9002942BD /* SGCategore.h */,
			);
			path = SGCategory;
			sourceTree = "<group>";
		};
		DE33A49B23AB72B9002942BD /* UIKit */ = {
			isa = PBXGroup;
			children = (
				DE33A49C23AB72B9002942BD /* Others */,
				DE33A4A323AB72B9002942BD /* Image */,
				DE33A4B323AB72B9002942BD /* Controller */,
				DE33A4BC23AB72B9002942BD /* Layer */,
				DE33A4C123AB72B9002942BD /* SGUIKitCategore.h */,
				DE33A4C223AB72B9002942BD /* View */,
			);
			path = UIKit;
			sourceTree = "<group>";
		};
		DE33A49C23AB72B9002942BD /* Others */ = {
			isa = PBXGroup;
			children = (
				DE33A49D23AB72B9002942BD /* NSData+SGImageExtension.m */,
				DE33A49E23AB72B9002942BD /* NSString+SGSize.m */,
				DE33A49F23AB72B9002942BD /* UIColor+SGHexColor.h */,
				DE33A4A023AB72B9002942BD /* NSString+SGSize.h */,
				DE33A4A123AB72B9002942BD /* NSData+SGImageExtension.h */,
				DE33A4A223AB72B9002942BD /* UIColor+SGHexColor.m */,
			);
			path = Others;
			sourceTree = "<group>";
		};
		DE33A4A323AB72B9002942BD /* Image */ = {
			isa = PBXGroup;
			children = (
				DE33A4A423AB72B9002942BD /* UIImage+SGQRCode.h */,
				DE33A4A523AB72B9002942BD /* UIImage+SGExtension.h */,
				DE33A4A623AB72B9002942BD /* UIImage+SGCompress.h */,
				DE33A4A723AB72B9002942BD /* UIImage+SGCompose.h */,
				DE33A4A823AB72B9002942BD /* UIImage+SGFix.h */,
				DE33A4A923AB72B9002942BD /* UIImage+SGCreate.h */,
				DE33A4AA23AB72B9002942BD /* UIImage+SGColorImage.m */,
				DE33A4AB23AB72B9002942BD /* UIImage+SGClip.h */,
				DE33A4AC23AB72B9002942BD /* UIImage+SGQRCode.m */,
				DE33A4AD23AB72B9002942BD /* UIImage+SGCompress.m */,
				DE33A4AE23AB72B9002942BD /* UIImage+SGFix.m */,
				DE33A4AF23AB72B9002942BD /* UIImage+SGCompose.m */,
				DE33A4B023AB72B9002942BD /* UIImage+SGClip.m */,
				DE33A4B123AB72B9002942BD /* UIImage+SGColorImage.h */,
				DE33A4B223AB72B9002942BD /* UIImage+SGCreate.m */,
			);
			path = Image;
			sourceTree = "<group>";
		};
		DE33A4B323AB72B9002942BD /* Controller */ = {
			isa = PBXGroup;
			children = (
				DE33A4B423AB72B9002942BD /* UIViewController+SGKeyboardChangeNoti.m */,
				DE33A4B523AB72B9002942BD /* UIViewController+SGLoadFromStoryBoard.m */,
				DE33A4B623AB72B9002942BD /* UIViewController+SGNavigationItem.h */,
				DE33A4B723AB72B9002942BD /* UIViewController+SGVisible.h */,
				DE33A4B823AB72B9002942BD /* UIViewController+SGKeyboardChangeNoti.h */,
				DE33A4B923AB72B9002942BD /* UIViewController+SGLoadFromStoryBoard.h */,
				DE33A4BA23AB72B9002942BD /* UIViewController+SGVisible.m */,
				DE33A4BB23AB72B9002942BD /* UIViewController+SGNavigationItem.m */,
			);
			path = Controller;
			sourceTree = "<group>";
		};
		DE33A4BC23AB72B9002942BD /* Layer */ = {
			isa = PBXGroup;
			children = (
				DE33A4BD23AB72B9002942BD /* CALayer+SGPauseAimate.h */,
				DE33A4BE23AB72B9002942BD /* CATextLayer+SGUIKitProperty.h */,
				DE33A4BF23AB72B9002942BD /* CALayer+SGPauseAimate.m */,
				DE33A4C023AB72B9002942BD /* CATextLayer+SGUIKitProperty.m */,
			);
			path = Layer;
			sourceTree = "<group>";
		};
		DE33A4C223AB72B9002942BD /* View */ = {
			isa = PBXGroup;
			children = (
				DE33A4C323AB72B9002942BD /* UIView+SGXib.m */,
				DE33A4C423AB72B9002942BD /* UIView+SGFrame.h */,
				DE33A4C523AB72B9002942BD /* UIView+SGSnipImageView.m */,
				DE33A4C623AB72B9002942BD /* UITableView+SGRegister.h */,
				DE33A4C723AB72B9002942BD /* UIView+SGCorners.h */,
				DE33A4C823AB72B9002942BD /* UIView+SGFrame.m */,
				DE33A4C923AB72B9002942BD /* UIView+SGXib.h */,
				DE33A4CA23AB72B9002942BD /* UIView+SGSnipImageView.h */,
				DE33A4CB23AB72B9002942BD /* UIView+SGCorners.m */,
				DE33A4CC23AB72B9002942BD /* UITableView+SGRegister.m */,
			);
			path = View;
			sourceTree = "<group>";
		};
		DE33A4CD23AB72B9002942BD /* Foundation */ = {
			isa = PBXGroup;
			children = (
				DE33A4CE23AB72B9002942BD /* NSDate+SGExtension.h */,
				DE33A4CF23AB72B9002942BD /* NSString+Hash.m */,
				DE33A4D023AB72B9002942BD /* NSArray+SGArrayFormSet.m */,
				DE33A4D123AB72B9002942BD /* NSTimer+SGBlock.h */,
				DE33A4D223AB72B9002942BD /* NSString+SGMoney.m */,
				DE33A4D323AB72B9002942BD /* FoundationLog.m */,
				DE33A4D423AB72B9002942BD /* NSString+SGRemoveSprit.h */,
				DE33A4D523AB72B9002942BD /* NSString+SGRegexValid.h */,
				DE33A4D623AB72B9002942BD /* SGFoundationCategore.h */,
				DE33A4D723AB72B9002942BD /* NSMutableArray+SGAddObject.h */,
				DE33A4D823AB72B9002942BD /* NSMutableDictionary+SGSetObjc.m */,
				DE33A4D923AB72B9002942BD /* NSObject+SGSelector.m */,
				DE33A4DA23AB72B9002942BD /* NSObject+SGSwizzlingMethod.m */,
				DE33A4DB23AB72B9002942BD /* NSString+SGHash.h */,
				DE33A4DC23AB72B9002942BD /* NSString+SGRegex.m */,
				DE33A4DD23AB72B9002942BD /* NSArray+SGInvertedOrder.h */,
				DE33A4DE23AB72B9002942BD /* NSString+SGMoney.h */,
				DE33A4DF23AB72B9002942BD /* NSTimer+SGBlock.m */,
				DE33A4E023AB72B9002942BD /* NSArray+SGArrayFormSet.h */,
				DE33A4E123AB72B9002942BD /* NSString+Hash.h */,
				DE33A4E223AB72B9002942BD /* NSDate+SGExtension.m */,
				DE33A4E323AB72B9002942BD /* NSString+SGRemoveSprit.m */,
				DE33A4E423AB72B9002942BD /* NSObject+SGSwizzlingMethod.h */,
				DE33A4E523AB72B9002942BD /* NSMutableDictionary+SGSetObjc.h */,
				DE33A4E623AB72B9002942BD /* NSObject+SGSelector.h */,
				DE33A4E723AB72B9002942BD /* NSMutableArray+SGAddObject.m */,
				DE33A4E823AB72B9002942BD /* NSString+SGRegexValid.m */,
				DE33A4E923AB72B9002942BD /* NSArray+SGInvertedOrder.m */,
				DE33A4EA23AB72B9002942BD /* NSString+SGRegex.h */,
				DE33A4EB23AB72B9002942BD /* NSString+SGHash.m */,
			);
			path = Foundation;
			sourceTree = "<group>";
		};
		DE33A4F123AB72B9002942BD /* BaseVC */ = {
			isa = PBXGroup;
			children = (
				DE33A4F223AB72B9002942BD /* WXBaseTableViewController.h */,
				DE33A4F323AB72B9002942BD /* WXBaseViewController.m */,
				DE33A4F423AB72B9002942BD /* WXUINavigationController */,
				DE33A4F723AB72B9002942BD /* WXBaseTableViewController.m */,
				DE33A4F823AB72B9002942BD /* WXTabViewController */,
				DE33A4FB23AB72B9002942BD /* WXBaseViewController.h */,
			);
			path = BaseVC;
			sourceTree = "<group>";
		};
		DE33A4F423AB72B9002942BD /* WXUINavigationController */ = {
			isa = PBXGroup;
			children = (
				DE33A4F523AB72B9002942BD /* WXUINavigationController.m */,
				DE33A4F623AB72B9002942BD /* WXUINavigationController.h */,
			);
			path = WXUINavigationController;
			sourceTree = "<group>";
		};
		DE33A4F823AB72B9002942BD /* WXTabViewController */ = {
			isa = PBXGroup;
			children = (
				DE33A4F923AB72B9002942BD /* WXUITabbarVC.h */,
				DE33A4FA23AB72B9002942BD /* WXUITabbarVC.m */,
			);
			path = WXTabViewController;
			sourceTree = "<group>";
		};
		DE33A4FC23AB72B9002942BD /* Masonry */ = {
			isa = PBXGroup;
			children = (
				DE33A4FD23AB72B9002942BD /* MASCompositeConstraint.h */,
				DE33A4FE23AB72B9002942BD /* NSLayoutConstraint+MASDebugAdditions.m */,
				DE33A4FF23AB72B9002942BD /* MASConstraint+Private.h */,
				DE33A50023AB72B9002942BD /* MASLayoutConstraint.h */,
				DE33A50123AB72B9002942BD /* NSArray+MASShorthandAdditions.h */,
				DE33A50223AB72B9002942BD /* MASConstraintMaker.h */,
				DE33A50323AB72B9002942BD /* View+MASAdditions.h */,
				DE33A50423AB72B9002942BD /* NSArray+MASAdditions.h */,
				DE33A50523AB72B9002942BD /* MASUtilities.h */,
				DE33A50623AB72B9002942BD /* MASViewAttribute.h */,
				DE33A50723AB72B9002942BD /* ViewController+MASAdditions.m */,
				DE33A50823AB72B9002942BD /* MASViewConstraint.h */,
				DE33A50923AB72B9002942BD /* MASConstraint.h */,
				DE33A50A23AB72B9002942BD /* NSLayoutConstraint+MASDebugAdditions.h */,
				DE33A50B23AB72B9002942BD /* MASCompositeConstraint.m */,
				DE33A50C23AB72B9002942BD /* MASConstraintMaker.m */,
				DE33A50D23AB72B9002942BD /* MASLayoutConstraint.m */,
				DE33A50E23AB72B9002942BD /* NSArray+MASAdditions.m */,
				DE33A50F23AB72B9002942BD /* View+MASAdditions.m */,
				DE33A51023AB72B9002942BD /* View+MASShorthandAdditions.h */,
				DE33A51123AB72B9002942BD /* Masonry.h */,
				DE33A51223AB72B9002942BD /* MASConstraint.m */,
				DE33A51323AB72B9002942BD /* ViewController+MASAdditions.h */,
				DE33A51423AB72B9002942BD /* MASViewConstraint.m */,
				DE33A51523AB72B9002942BD /* MASViewAttribute.m */,
			);
			path = Masonry;
			sourceTree = "<group>";
		};
		DE33A51623AB72B9002942BD /* WXSecondViewController */ = {
			isa = PBXGroup;
			children = (
				DE33A51723AB72B9002942BD /* WXSecondViewController.m */,
				DE33A51823AB72B9002942BD /* WXSecondViewController.h */,
			);
			path = WXSecondViewController;
			sourceTree = "<group>";
		};
		DE33A51A23AB72B9002942BD /* YWHudManager */ = {
			isa = PBXGroup;
			children = (
				DE33A51B23AB72B9002942BD /* HUDManager.h */,
				DE33A51C23AB72B9002942BD /* MBProgressHUD */,
				DE33A52123AB72B9002942BD /* HUDManager.m */,
				DE33A52223AB72B9002942BD /* MBProgressHUD.bundle */,
			);
			path = YWHudManager;
			sourceTree = "<group>";
		};
		DE33A51C23AB72B9002942BD /* MBProgressHUD */ = {
			isa = PBXGroup;
			children = (
				DE33A51D23AB72B9002942BD /* MBProgressHUD.m */,
				DE33A51E23AB72B9002942BD /* LICENSE */,
				DE33A51F23AB72B9002942BD /* MBProgressHUD.h */,
				DE33A52023AB72B9002942BD /* README.mdown */,
			);
			path = MBProgressHUD;
			sourceTree = "<group>";
		};
		DE33A52323AB72B9002942BD /* WXConfigTools */ = {
			isa = PBXGroup;
			children = (
				DE33A52423AB72B9002942BD /* WXConfigTools.m */,
				DE33A52523AB72B9002942BD /* WXConfigTools.h */,
			);
			path = WXConfigTools;
			sourceTree = "<group>";
		};
/* End PBXGroup section */

/* Begin PBXNativeTarget section */
		CC843C341FF4855C0088C0B6 /* WXGZDemo */ = {
			isa = PBXNativeTarget;
			buildConfigurationList = CC843C611FF4855C0088C0B6 /* Build configuration list for PBXNativeTarget "WXGZDemo" */;
			buildPhases = (
				F576EEA8BB0559B4337567AB /* [CP] Check Pods Manifest.lock */,
				CC843C311FF4855C0088C0B6 /* Sources */,
				CC843C321FF4855C0088C0B6 /* Frameworks */,
				CC843C331FF4855C0088C0B6 /* Resources */,
				DE24D42F230E46D900F3543A /* Embed Frameworks */,
				22DDA242193FC0AC7C66DEDE /* [CP] Copy Pods Resources */,
			);
			buildRules = (
			);
			dependencies = (
			);
			name = WXGZDemo;
			productName = WXGZDemo;
			productReference = CC843C351FF4855C0088C0B6 /* WXGZDemo.app */;
			productType = "com.apple.product-type.application";
		};
/* End PBXNativeTarget section */

/* Begin PBXProject section */
		CC843C2D1FF4855C0088C0B6 /* Project object */ = {
			isa = PBXProject;
			attributes = {
				LastUpgradeCheck = 0920;
				ORGANIZATIONNAME = ijiami;
				TargetAttributes = {
					CC843C341FF4855C0088C0B6 = {
						CreatedOnToolsVersion = 9.2;
						ProvisioningStyle = Automatic;
						SystemCapabilities = {
							com.apple.BackgroundModes = {
								enabled = 1;
							};
							com.apple.Push = {
								enabled = 1;
							};
						};
					};
				};
			};
			buildConfigurationList = CC843C301FF4855C0088C0B6 /* Build configuration list for PBXProject "WXGZDemo" */;
			compatibilityVersion = "Xcode 8.0";
			developmentRegion = en;
			hasScannedForEncodings = 0;
			knownRegions = (
				en,
				Base,
			);
			mainGroup = CC843C2C1FF4855C0088C0B6;
			productRefGroup = CC843C361FF4855C0088C0B6 /* Products */;
			projectDirPath = "";
			projectRoot = "";
			targets = (
				CC843C341FF4855C0088C0B6 /* WXGZDemo */,
			);
		};
/* End PBXProject section */

/* Begin PBXResourcesBuildPhase section */
		CC843C331FF4855C0088C0B6 /* Resources */ = {
			isa = PBXResourcesBuildPhase;
			buildActionMask = 2147483647;
			files = (
				DE33A53023AB72B9002942BD /* WXUseInfoView1.xib in Resources */,
				DE33A53623AB72B9002942BD /* WXEnvConfigView.xib in Resources */,
				DE33A53823AB72B9002942BD /* WXBannerColCell.xib in Resources */,
				DE33A57D23AB72B9002942BD /* MBProgressHUD.bundle in Resources */,
				CC843C421FF4855C0088C0B6 /* Assets.xcassets in Resources */,
				CC843C401FF4855C0088C0B6 /* Main.storyboard in Resources */,
				DE33A52F23AB72B9002942BD /* WXTableViewCell.xib in Resources */,
				DE33A57A23AB72B9002942BD /* LICENSE in Resources */,
				DE33A52D23AB72B9002942BD /* WXSlideVC.xib in Resources */,
				DE33A54023AB72B9002942BD /* WXTextTableViewCell.xib in Resources */,
				DE33A57B23AB72B9002942BD /* README.mdown in Resources */,
			);
			runOnlyForDeploymentPostprocessing = 0;
		};
/* End PBXResourcesBuildPhase section */

/* Begin PBXShellScriptBuildPhase section */
		22DDA242193FC0AC7C66DEDE /* [CP] Copy Pods Resources */ = {
			isa = PBXShellScriptBuildPhase;
			buildActionMask = 2147483647;
			files = (
			);
			inputPaths = (
				"${PODS_ROOT}/Target Support Files/Pods-WXGZDemo/Pods-WXGZDemo-resources.sh",
				"${PODS_ROOT}/WXGZSDK/SDK/WXGZ_SDK.bundle",
			);
			name = "[CP] Copy Pods Resources";
			outputPaths = (
				"${TARGET_BUILD_DIR}/${UNLOCALIZED_RESOURCES_FOLDER_PATH}/WXGZ_SDK.bundle",
			);
			runOnlyForDeploymentPostprocessing = 0;
			shellPath = /bin/sh;
			shellScript = "\"${PODS_ROOT}/Target Support Files/Pods-WXGZDemo/Pods-WXGZDemo-resources.sh\"\n";
			showEnvVarsInLog = 0;
		};
		F576EEA8BB0559B4337567AB /* [CP] Check Pods Manifest.lock */ = {
			isa = PBXShellScriptBuildPhase;
			buildActionMask = 2147483647;
			files = (
			);
			inputFileListPaths = (
			);
			inputPaths = (
				"${PODS_PODFILE_DIR_PATH}/Podfile.lock",
				"${PODS_ROOT}/Manifest.lock",
			);
			name = "[CP] Check Pods Manifest.lock";
			outputFileListPaths = (
			);
			outputPaths = (
				"$(DERIVED_FILE_DIR)/Pods-WXGZDemo-checkManifestLockResult.txt",
			);
			runOnlyForDeploymentPostprocessing = 0;
			shellPath = /bin/sh;
			shellScript = "diff \"${PODS_PODFILE_DIR_PATH}/Podfile.lock\" \"${PODS_ROOT}/Manifest.lock\" > /dev/null\nif [ $? != 0 ] ; then\n    # print error to STDERR\n    echo \"error: The sandbox is not in sync with the Podfile.lock. Run 'pod install' or update your CocoaPods installation.\" >&2\n    exit 1\nfi\n# This output is used by Xcode 'outputs' to avoid re-running this script phase.\necho \"SUCCESS\" > \"${SCRIPT_OUTPUT_FILE_0}\"\n";
			showEnvVarsInLog = 0;
		};
/* End PBXShellScriptBuildPhase section */

/* Begin PBXSourcesBuildPhase section */
		CC843C311FF4855C0088C0B6 /* Sources */ = {
			isa = PBXSourcesBuildPhase;
			buildActionMask = 2147483647;
			files = (
				DE33A57423AB72B9002942BD /* View+MASAdditions.m in Sources */,
				DE33A53D23AB72B9002942BD /* WXItemBtn.m in Sources */,
				DE33A55823AB72B9002942BD /* NSString+Hash.m in Sources */,
				DE33A56923AB72B9002942BD /* WXScreenSizeManager.m in Sources */,
				DE33A55A23AB72B9002942BD /* NSString+SGMoney.m in Sources */,
				DE33A57523AB72B9002942BD /* MASConstraint.m in Sources */,
				DE33A57023AB72B9002942BD /* MASCompositeConstraint.m in Sources */,
				DE33A54923AB72B9002942BD /* UIImage+SGFix.m in Sources */,
				DE33A54823AB72B9002942BD /* UIImage+SGCompress.m in Sources */,
				DE33A56723AB72B9002942BD /* UIColor+DCColorChange.m in Sources */,
				DE33A53423AB72B9002942BD /* WXBtnViewController.m in Sources */,
				DE33A52E23AB72B9002942BD /* WXTableViewCell.m in Sources */,
				DE33A56523AB72B9002942BD /* NSArray+SGInvertedOrder.m in Sources */,
				DE33A52823AB72B9002942BD /* WXAttackTableViewController.m in Sources */,
				DE33A56823AB72B9002942BD /* UIImage+WXimage.m in Sources */,
				DE33A54A23AB72B9002942BD /* UIImage+SGCompose.m in Sources */,
				DE33A55923AB72B9002942BD /* NSArray+SGArrayFormSet.m in Sources */,
				DE33A54B23AB72B9002942BD /* UIImage+SGClip.m in Sources */,
				DE33A53323AB72B9002942BD /* WXSwitchTableViewController.m in Sources */,
				DE33A55F23AB72B9002942BD /* NSString+SGRegex.m in Sources */,
				DE33A54E23AB72B9002942BD /* UIViewController+SGLoadFromStoryBoard.m in Sources */,
				DE33A53B23AB72B9002942BD /* WXImageTableViewController.m in Sources */,
				DE33A55523AB72B9002942BD /* UIView+SGFrame.m in Sources */,
				DE33A53223AB72B9002942BD /* WXUseInfoView.m in Sources */,
				DE33A55123AB72B9002942BD /* CALayer+SGPauseAimate.m in Sources */,
				DE33A56223AB72B9002942BD /* NSString+SGRemoveSprit.m in Sources */,
				DE33A56E23AB72B9002942BD /* NSLayoutConstraint+MASDebugAdditions.m in Sources */,
				DE33A54723AB72B9002942BD /* UIImage+SGQRCode.m in Sources */,
				DE33A54223AB72B9002942BD /* WXTextTableViewCell.m in Sources */,
				DE33A53523AB72B9002942BD /* WXEnvConfigView.m in Sources */,
				DE33A56F23AB72B9002942BD /* ViewController+MASAdditions.m in Sources */,
				DE33A57C23AB72B9002942BD /* HUDManager.m in Sources */,
				DE33A55223AB72B9002942BD /* CATextLayer+SGUIKitProperty.m in Sources */,
				DE33A56323AB72B9002942BD /* NSMutableArray+SGAddObject.m in Sources */,
				DE33A52C23AB72B9002942BD /* WXSlideVC.m in Sources */,
				DE33A53123AB72B9002942BD /* WXUseInfoViewController.m in Sources */,
				DE33A53C23AB72B9002942BD /* WXItem.m in Sources */,
				DE33A52623AB72B9002942BD /* WXTFTableViewController.m in Sources */,
				CC843C481FF4855C0088C0B6 /* main.m in Sources */,
				CC843C3A1FF4855C0088C0B6 /* AppDelegate.m in Sources */,
				DE33A57623AB72B9002942BD /* MASViewConstraint.m in Sources */,
				DE33A57923AB72B9002942BD /* MBProgressHUD.m in Sources */,
				DE33A57123AB72B9002942BD /* MASConstraintMaker.m in Sources */,
				DE33A52B23AB72B9002942BD /* WXLinkViewController.m in Sources */,
				DE33A56C23AB72B9002942BD /* WXBaseTableViewController.m in Sources */,
				DE33A54423AB72B9002942BD /* NSString+SGSize.m in Sources */,
				DE33A56023AB72B9002942BD /* NSTimer+SGBlock.m in Sources */,
				DE33A57823AB72B9002942BD /* WXSecondViewController.m in Sources */,
				DE33A52723AB72B9002942BD /* WXCustomTextField.m in Sources */,
				DE33A54C23AB72B9002942BD /* UIImage+SGCreate.m in Sources */,
				DE33A53E23AB72B9002942BD /* WXHomeCellContentViewCell.m in Sources */,
				DEBA53F82297AED500165A20 /* AppDelegate+push.m in Sources */,
				DE33A53F23AB72B9002942BD /* WXSegmentTableViewController.m in Sources */,
				DE33A52923AB72B9002942BD /* WXFirstViewController.m in Sources */,
				DE33A52A23AB72B9002942BD /* WXTestViewController.m in Sources */,
				DE33A53A23AB72B9002942BD /* WXBannerColCell.m in Sources */,
				DE33A54123AB72B9002942BD /* WXTextTableViewController.m in Sources */,
				DE33A56423AB72B9002942BD /* NSString+SGRegexValid.m in Sources */,
				DE33A57E23AB72B9002942BD /* WXConfigTools.m in Sources */,
				DE33A55623AB72B9002942BD /* UIView+SGCorners.m in Sources */,
				DE33A55723AB72B9002942BD /* UITableView+SGRegister.m in Sources */,
				DE33A54623AB72B9002942BD /* UIImage+SGColorImage.m in Sources */,
				DE33A54D23AB72B9002942BD /* UIViewController+SGKeyboardChangeNoti.m in Sources */,
				DE33A55B23AB72B9002942BD /* FoundationLog.m in Sources */,
				DE33A53923AB72B9002942BD /* WXMBBannerVC.m in Sources */,
				DE33A57723AB72B9002942BD /* MASViewAttribute.m in Sources */,
				DE33A55323AB72B9002942BD /* UIView+SGXib.m in Sources */,
				DE33A53723AB72B9002942BD /* WXEnvConfigTools.m in Sources */,
				DE33A55C23AB72B9002942BD /* NSMutableDictionary+SGSetObjc.m in Sources */,
				DE33A55D23AB72B9002942BD /* NSObject+SGSelector.m in Sources */,
				DE33A57323AB72B9002942BD /* NSArray+MASAdditions.m in Sources */,
				DE33A56123AB72B9002942BD /* NSDate+SGExtension.m in Sources */,
				DE33A55E23AB72B9002942BD /* NSObject+SGSwizzlingMethod.m in Sources */,
				DE33A54523AB72B9002942BD /* UIColor+SGHexColor.m in Sources */,
				DE33A54323AB72B9002942BD /* NSData+SGImageExtension.m in Sources */,
				DE33A56D23AB72B9002942BD /* WXUITabbarVC.m in Sources */,
				DE33A55423AB72B9002942BD /* UIView+SGSnipImageView.m in Sources */,
				DE33A57223AB72B9002942BD /* MASLayoutConstraint.m in Sources */,
				DE33A56B23AB72B9002942BD /* WXUINavigationController.m in Sources */,
				DE33A54F23AB72B9002942BD /* UIViewController+SGVisible.m in Sources */,
				DE33A55023AB72B9002942BD /* UIViewController+SGNavigationItem.m in Sources */,
				DE33A56A23AB72B9002942BD /* WXBaseViewController.m in Sources */,
				DE33A56623AB72B9002942BD /* NSString+SGHash.m in Sources */,
			);
			runOnlyForDeploymentPostprocessing = 0;
		};
/* End PBXSourcesBuildPhase section */

/* Begin PBXVariantGroup section */
		CC843C3E1FF4855C0088C0B6 /* Main.storyboard */ = {
			isa = PBXVariantGroup;
			children = (
				CC843C3F1FF4855C0088C0B6 /* Base */,
			);
			name = Main.storyboard;
			sourceTree = "<group>";
		};
/* End PBXVariantGroup section */

/* Begin XCBuildConfiguration section */
		CC843C5F1FF4855C0088C0B6 /* Debug */ = {
			isa = XCBuildConfiguration;
			buildSettings = {
				ALWAYS_SEARCH_USER_PATHS = NO;
				CLANG_ANALYZER_NONNULL = YES;
				CLANG_ANALYZER_NUMBER_OBJECT_CONVERSION = YES_AGGRESSIVE;
				CLANG_CXX_LANGUAGE_STANDARD = "gnu++14";
				CLANG_CXX_LIBRARY = "libc++";
				CLANG_ENABLE_MODULES = YES;
				CLANG_ENABLE_OBJC_ARC = YES;
				CLANG_WARN_BLOCK_CAPTURE_AUTORELEASING = YES;
				CLANG_WARN_BOOL_CONVERSION = YES;
				CLANG_WARN_COMMA = YES;
				CLANG_WARN_CONSTANT_CONVERSION = YES;
				CLANG_WARN_DIRECT_OBJC_ISA_USAGE = YES_ERROR;
				CLANG_WARN_DOCUMENTATION_COMMENTS = YES;
				CLANG_WARN_EMPTY_BODY = YES;
				CLANG_WARN_ENUM_CONVERSION = YES;
				CLANG_WARN_INFINITE_RECURSION = YES;
				CLANG_WARN_INT_CONVERSION = YES;
				CLANG_WARN_NON_LITERAL_NULL_CONVERSION = YES;
				CLANG_WARN_OBJC_LITERAL_CONVERSION = YES;
				CLANG_WARN_OBJC_ROOT_CLASS = YES_ERROR;
				CLANG_WARN_RANGE_LOOP_ANALYSIS = YES;
				CLANG_WARN_STRICT_PROTOTYPES = YES;
				CLANG_WARN_SUSPICIOUS_MOVE = YES;
				CLANG_WARN_UNGUARDED_AVAILABILITY = YES_AGGRESSIVE;
				CLANG_WARN_UNREACHABLE_CODE = YES;
				CLANG_WARN__DUPLICATE_METHOD_MATCH = YES;
				CODE_SIGN_IDENTITY = "iPhone Developer";
				COPY_PHASE_STRIP = NO;
				DEBUG_INFORMATION_FORMAT = dwarf;
				ENABLE_STRICT_OBJC_MSGSEND = YES;
				ENABLE_TESTABILITY = YES;
				GCC_C_LANGUAGE_STANDARD = gnu11;
				GCC_DYNAMIC_NO_PIC = NO;
				GCC_NO_COMMON_BLOCKS = YES;
				GCC_OPTIMIZATION_LEVEL = 0;
				GCC_PREPROCESSOR_DEFINITIONS = (
					"DEBUG=1",
					"$(inherited)",
				);
				GCC_WARN_64_TO_32_BIT_CONVERSION = YES;
				GCC_WARN_ABOUT_RETURN_TYPE = YES_ERROR;
				GCC_WARN_UNDECLARED_SELECTOR = YES;
				GCC_WARN_UNINITIALIZED_AUTOS = YES_AGGRESSIVE;
				GCC_WARN_UNUSED_FUNCTION = YES;
				GCC_WARN_UNUSED_VARIABLE = YES;
				IPHONEOS_DEPLOYMENT_TARGET = 10.0;
				MTL_ENABLE_DEBUG_INFO = YES;
				ONLY_ACTIVE_ARCH = YES;
				SDKROOT = iphoneos;
			};
			name = Debug;
		};
		CC843C601FF4855C0088C0B6 /* Release */ = {
			isa = XCBuildConfiguration;
			buildSettings = {
				ALWAYS_SEARCH_USER_PATHS = NO;
				CLANG_ANALYZER_NONNULL = YES;
				CLANG_ANALYZER_NUMBER_OBJECT_CONVERSION = YES_AGGRESSIVE;
				CLANG_CXX_LANGUAGE_STANDARD = "gnu++14";
				CLANG_CXX_LIBRARY = "libc++";
				CLANG_ENABLE_MODULES = YES;
				CLANG_ENABLE_OBJC_ARC = YES;
				CLANG_WARN_BLOCK_CAPTURE_AUTORELEASING = YES;
				CLANG_WARN_BOOL_CONVERSION = YES;
				CLANG_WARN_COMMA = YES;
				CLANG_WARN_CONSTANT_CONVERSION = YES;
				CLANG_WARN_DIRECT_OBJC_ISA_USAGE = YES_ERROR;
				CLANG_WARN_DOCUMENTATION_COMMENTS = YES;
				CLANG_WARN_EMPTY_BODY = YES;
				CLANG_WARN_ENUM_CONVERSION = YES;
				CLANG_WARN_INFINITE_RECURSION = YES;
				CLANG_WARN_INT_CONVERSION = YES;
				CLANG_WARN_NON_LITERAL_NULL_CONVERSION = YES;
				CLANG_WARN_OBJC_LITERAL_CONVERSION = YES;
				CLANG_WARN_OBJC_ROOT_CLASS = YES_ERROR;
				CLANG_WARN_RANGE_LOOP_ANALYSIS = YES;
				CLANG_WARN_STRICT_PROTOTYPES = YES;
				CLANG_WARN_SUSPICIOUS_MOVE = YES;
				CLANG_WARN_UNGUARDED_AVAILABILITY = YES_AGGRESSIVE;
				CLANG_WARN_UNREACHABLE_CODE = YES;
				CLANG_WARN__DUPLICATE_METHOD_MATCH = YES;
				CODE_SIGN_IDENTITY = "iPhone Developer";
				COPY_PHASE_STRIP = NO;
				DEBUG_INFORMATION_FORMAT = "dwarf-with-dsym";
				ENABLE_NS_ASSERTIONS = NO;
				ENABLE_STRICT_OBJC_MSGSEND = YES;
				GCC_C_LANGUAGE_STANDARD = gnu11;
				GCC_NO_COMMON_BLOCKS = YES;
				GCC_WARN_64_TO_32_BIT_CONVERSION = YES;
				GCC_WARN_ABOUT_RETURN_TYPE = YES_ERROR;
				GCC_WARN_UNDECLARED_SELECTOR = YES;
				GCC_WARN_UNINITIALIZED_AUTOS = YES_AGGRESSIVE;
				GCC_WARN_UNUSED_FUNCTION = YES;
				GCC_WARN_UNUSED_VARIABLE = YES;
				IPHONEOS_DEPLOYMENT_TARGET = 10.0;
				MTL_ENABLE_DEBUG_INFO = NO;
				SDKROOT = iphoneos;
				VALIDATE_PRODUCT = YES;
			};
			name = Release;
		};
		CC843C621FF4855C0088C0B6 /* Debug */ = {
			isa = XCBuildConfiguration;
			baseConfigurationReference = C25003CB6165AB86BB4EF6B4 /* Pods-WXGZDemo.debug.xcconfig */;
			buildSettings = {
				ASSETCATALOG_COMPILER_APPICON_NAME = AppIcon;
				CODE_SIGN_ENTITLEMENTS = WXGZDemo/WXGZDemo.entitlements;
				CODE_SIGN_IDENTITY = "iPhone Developer";
				"CODE_SIGN_IDENTITY[sdk=iphoneos*]" = "iPhone Developer";
				CODE_SIGN_STYLE = Automatic;
				DEVELOPMENT_TEAM = FJ79A99G5M;
				ENABLE_BITCODE = NO;
				FRAMEWORK_SEARCH_PATHS = (
					"$(inherited)",
					"$(PROJECT_DIR)/WXGZDemo/WXGZ_SDK",
					"$(PROJECT_DIR)/WXGZDemo/SDK",
					"$(PROJECT_DIR)/SDK",
					"$(PROJECT_DIR)/WXGZDemo/MTSSSDK",
					"$(PROJECT_DIR)/WXGZDemo/WXGZSDK",
				);
				INFOPLIST_FILE = WXGZDemo/Info.plist;
				IPHONEOS_DEPLOYMENT_TARGET = 8.0;
				LD_RUNPATH_SEARCH_PATHS = "$(inherited) @executable_path/Frameworks";
				OTHER_LDFLAGS = "$(inherited)";
				PODS_ROOT = "$(inherited)";
				PRODUCT_BUNDLE_IDENTIFIER = cn.infobeat.IDataVisibleBurialPointSDKTestDemoYY;
				PRODUCT_NAME = "$(TARGET_NAME)";
				PROVISIONING_PROFILE_SPECIFIER = "";
				TARGETED_DEVICE_FAMILY = 1;
			};
			name = Debug;
		};
		CC843C631FF4855C0088C0B6 /* Release */ = {
			isa = XCBuildConfiguration;
			baseConfigurationReference = 0F2D0224A4CC3C4672574BED /* Pods-WXGZDemo.release.xcconfig */;
			buildSettings = {
				ASSETCATALOG_COMPILER_APPICON_NAME = AppIcon;
				CODE_SIGN_ENTITLEMENTS = WXGZDemo/WXGZDemo.entitlements;
				CODE_SIGN_IDENTITY = "iPhone Developer";
				"CODE_SIGN_IDENTITY[sdk=iphoneos*]" = "iPhone Developer";
				CODE_SIGN_STYLE = Automatic;
				DEVELOPMENT_TEAM = FJ79A99G5M;
				ENABLE_BITCODE = NO;
				FRAMEWORK_SEARCH_PATHS = (
					"$(inherited)",
					"$(PROJECT_DIR)/WXGZDemo/WXGZ_SDK",
					"$(PROJECT_DIR)/WXGZDemo/SDK",
					"$(PROJECT_DIR)/SDK",
					"$(PROJECT_DIR)/WXGZDemo/MTSSSDK",
					"$(PROJECT_DIR)/WXGZDemo/WXGZSDK",
				);
				INFOPLIST_FILE = WXGZDemo/Info.plist;
				IPHONEOS_DEPLOYMENT_TARGET = 8.0;
				LD_RUNPATH_SEARCH_PATHS = "$(inherited) @executable_path/Frameworks";
				OTHER_LDFLAGS = "$(inherited)";
				PODS_ROOT = "$(inherited)";
				PRODUCT_BUNDLE_IDENTIFIER = cn.infobeat.IDataVisibleBurialPointSDKTestDemoYY;
				PRODUCT_NAME = "$(TARGET_NAME)";
				PROVISIONING_PROFILE_SPECIFIER = "";
				TARGETED_DEVICE_FAMILY = 1;
			};
			name = Release;
		};
/* End XCBuildConfiguration section */

/* Begin XCConfigurationList section */
		CC843C301FF4855C0088C0B6 /* Build configuration list for PBXProject "WXGZDemo" */ = {
			isa = XCConfigurationList;
			buildConfigurations = (
				CC843C5F1FF4855C0088C0B6 /* Debug */,
				CC843C601FF4855C0088C0B6 /* Release */,
			);
			defaultConfigurationIsVisible = 0;
			defaultConfigurationName = Release;
		};
		CC843C611FF4855C0088C0B6 /* Build configuration list for PBXNativeTarget "WXGZDemo" */ = {
			isa = XCConfigurationList;
			buildConfigurations = (
				CC843C621FF4855C0088C0B6 /* Debug */,
				CC843C631FF4855C0088C0B6 /* Release */,
			);
			defaultConfigurationIsVisible = 0;
			defaultConfigurationName = Release;
		};
/* End XCConfigurationList section */
	};
	rootObject = CC843C2D1FF4855C0088C0B6 /* Project object */;
}
